
Microsoft Visual Studio Solution File, Format Version 12.00
# Visual Studio Version 17
Project("{2150E333-8FDC-42A3-9474-1A3956D46DE8}") = "CMakePredefinedTargets", "CMakePredefinedTargets", "{2911E211-1D88-373A-8DD6-EB408B82DA65}"
EndProject
Project("{2150E333-8FDC-42A3-9474-1A3956D46DE8}") = "CTestDashboardTargets", "CTestDashboardTargets", "{F797C074-5056-3E45-ADF9-72B50EAE4733}"
EndProject
Project("{2150E333-8FDC-42A3-9474-1A3956D46DE8}") = "test_tools", "test_tools", "{58137153-F2D2-3D38-BC19-21254D5CEEEC}"
EndProject
Project("{2150E333-8FDC-42A3-9474-1A3956D46DE8}") = "tools", "tools", "{1BEE1251-7DD3-396C-BE2D-2BB0924BC4F0}"
EndProject
Project("{8BC9CEB8-8B4A-11D0-8D11-00A0C91BC942}") = "ALL_BUILD", "ALL_BUILD.vcxproj", "{6E8419F4-BD29-3424-9261-72A7A9EF705C}"
	ProjectSection(ProjectDependencies) = postProject
		{C51944CC-CA15-3549-B650-5FEB4C68940B} = {C51944CC-CA15-3549-B650-5FEB4C68940B}
		{CB958611-13CD-3324-AA2E-494782BF7300} = {CB958611-13CD-3324-AA2E-494782BF7300}
		{71854143-938C-3EE7-9D47-59E7BB1B474E} = {71854143-938C-3EE7-9D47-59E7BB1B474E}
		{14361853-797C-36B7-B04C-CD5086DA892D} = {14361853-797C-36B7-B04C-CD5086DA892D}
		{BC424F9F-B387-3DF9-B290-57C1D1C533C8} = {BC424F9F-B387-3DF9-B290-57C1D1C533C8}
		{1C10A6BA-4951-3AB0-81F1-C01A7622E56F} = {1C10A6BA-4951-3AB0-81F1-C01A7622E56F}
		{53FE38DC-DD83-390E-94A7-D202D4CF73A8} = {53FE38DC-DD83-390E-94A7-D202D4CF73A8}
		{95EB1C28-B441-3737-8942-CC65F9234438} = {95EB1C28-B441-3737-8942-CC65F9234438}
		{D42C8854-E8F5-36F3-AD04-E7E7470BEEB4} = {D42C8854-E8F5-36F3-AD04-E7E7470BEEB4}
		{1BF9DAA9-A244-30A8-986B-D53DA35BB206} = {1BF9DAA9-A244-30A8-986B-D53DA35BB206}
		{44CD06F7-5D23-38AB-9004-0D537637334F} = {44CD06F7-5D23-38AB-9004-0D537637334F}
		{FA60DA2D-8C50-3CC2-B85C-18903EF1FB2A} = {FA60DA2D-8C50-3CC2-B85C-18903EF1FB2A}
		{9B6A050C-9CB7-3A13-8A56-A39B6C9F2480} = {9B6A050C-9CB7-3A13-8A56-A39B6C9F2480}
		{81B8F854-FA8F-3A7D-A1C0-5053E4A6F240} = {81B8F854-FA8F-3A7D-A1C0-5053E4A6F240}
		{86BB0475-C414-3B7A-BD4E-476B5ADD235E} = {86BB0475-C414-3B7A-BD4E-476B5ADD235E}
		{51DE4087-EE1E-3471-95B0-DD19AC53D80C} = {51DE4087-EE1E-3471-95B0-DD19AC53D80C}
		{5C06BB44-4D09-36FA-A9E4-8A3C6C090FB0} = {5C06BB44-4D09-36FA-A9E4-8A3C6C090FB0}
		{3C0A25E2-D7EA-3219-B18B-8F61A731ACA8} = {3C0A25E2-D7EA-3219-B18B-8F61A731ACA8}
		{AEED33C1-8A7D-34F6-B529-C6F199793EBB} = {AEED33C1-8A7D-34F6-B529-C6F199793EBB}
		{2A319583-C850-3769-8F23-7AAFFC4A3ED1} = {2A319583-C850-3769-8F23-7AAFFC4A3ED1}
		{1F7AB375-6D4E-33C7-A78A-D5F373058BEC} = {1F7AB375-6D4E-33C7-A78A-D5F373058BEC}
		{F73C4AC2-4483-3524-A5BF-0DF29120C4E9} = {F73C4AC2-4483-3524-A5BF-0DF29120C4E9}
		{CD0214E1-A6B6-37C2-8EC2-5A88EB6BF456} = {CD0214E1-A6B6-37C2-8EC2-5A88EB6BF456}
		{CB6AF90E-5F98-3CD4-B94F-D0AE1BD8F819} = {CB6AF90E-5F98-3CD4-B94F-D0AE1BD8F819}
		{E255385D-ACF0-3486-BDD9-7D31A379B074} = {E255385D-ACF0-3486-BDD9-7D31A379B074}
		{ACE4FB4A-D706-3205-8410-3736A1A46A69} = {ACE4FB4A-D706-3205-8410-3736A1A46A69}
		{5E84632D-EB2E-34E8-83E1-1C2A21B1BA2C} = {5E84632D-EB2E-34E8-83E1-1C2A21B1BA2C}
		{E3EE5EC9-F302-3D04-8801-0B93BCB3706D} = {E3EE5EC9-F302-3D04-8801-0B93BCB3706D}
		{82F52DFF-A255-3267-B20C-BE131488AC4E} = {82F52DFF-A255-3267-B20C-BE131488AC4E}
		{71A5DCD3-A06F-3B5D-90DE-047416A7B828} = {71A5DCD3-A06F-3B5D-90DE-047416A7B828}
		{D8FC6D62-35CB-3E8A-B8A5-3E9A7ACBD032} = {D8FC6D62-35CB-3E8A-B8A5-3E9A7ACBD032}
		{E729165B-2516-3B58-B7A1-67812B75B421} = {E729165B-2516-3B58-B7A1-67812B75B421}
		{2236CA91-9335-3D96-A05C-35AC3515E99A} = {2236CA91-9335-3D96-A05C-35AC3515E99A}
		{9CFBB7CC-030C-3A89-B160-9F957B50F877} = {9CFBB7CC-030C-3A89-B160-9F957B50F877}
	EndProjectSection
EndProject
Project("{FAE04EC0-301F-11D3-BF4B-00C04F79EFBC}") = "Azure.Messaging.SarifResultsChecker", "deps\c-build-tools\sarif_results_checker\Azure.Messaging.SarifResultsChecker.csproj", "{C51944CC-CA15-3549-B650-5FEB4C68940B}"
	ProjectSection(ProjectDependencies) = postProject
		{CB958611-13CD-3324-AA2E-494782BF7300} = {CB958611-13CD-3324-AA2E-494782BF7300}
	EndProjectSection
EndProject
Project("{8BC9CEB8-8B4A-11D0-8D11-00A0C91BC942}") = "Continuous", "Continuous.vcxproj", "{ABC4A9C4-D253-3DA5-AB24-4E5C6DE3817C}"
	ProjectSection(ProjectDependencies) = postProject
		{CB958611-13CD-3324-AA2E-494782BF7300} = {CB958611-13CD-3324-AA2E-494782BF7300}
	EndProjectSection
EndProject
Project("{8BC9CEB8-8B4A-11D0-8D11-00A0C91BC942}") = "Experimental", "Experimental.vcxproj", "{8404174F-010C-3003-95CA-69DE75225C6B}"
	ProjectSection(ProjectDependencies) = postProject
		{CB958611-13CD-3324-AA2E-494782BF7300} = {CB958611-13CD-3324-AA2E-494782BF7300}
	EndProjectSection
EndProject
Project("{8BC9CEB8-8B4A-11D0-8D11-00A0C91BC942}") = "INSTALL", "INSTALL.vcxproj", "{CD796A72-F5E9-3629-BB2C-FC7D8EEB59B5}"
	ProjectSection(ProjectDependencies) = postProject
		{6E8419F4-BD29-3424-9261-72A7A9EF705C} = {6E8419F4-BD29-3424-9261-72A7A9EF705C}
		{CB958611-13CD-3324-AA2E-494782BF7300} = {CB958611-13CD-3324-AA2E-494782BF7300}
	EndProjectSection
EndProject
Project("{8BC9CEB8-8B4A-11D0-8D11-00A0C91BC942}") = "Nightly", "Nightly.vcxproj", "{CE6FD9FE-2E49-39B7-90B1-41311DF8E42A}"
	ProjectSection(ProjectDependencies) = postProject
		{CB958611-13CD-3324-AA2E-494782BF7300} = {CB958611-13CD-3324-AA2E-494782BF7300}
	EndProjectSection
EndProject
Project("{8BC9CEB8-8B4A-11D0-8D11-00A0C91BC942}") = "NightlyMemoryCheck", "NightlyMemoryCheck.vcxproj", "{F16B87E3-6F45-3C7E-B5BD-34034046061B}"
	ProjectSection(ProjectDependencies) = postProject
		{CB958611-13CD-3324-AA2E-494782BF7300} = {CB958611-13CD-3324-AA2E-494782BF7300}
	EndProjectSection
EndProject
Project("{8BC9CEB8-8B4A-11D0-8D11-00A0C91BC942}") = "RUN_TESTS", "RUN_TESTS.vcxproj", "{77493CB8-EE94-3542-9959-7D1B44D28CEB}"
	ProjectSection(ProjectDependencies) = postProject
		{CB958611-13CD-3324-AA2E-494782BF7300} = {CB958611-13CD-3324-AA2E-494782BF7300}
	EndProjectSection
EndProject
Project("{8BC9CEB8-8B4A-11D0-8D11-00A0C91BC942}") = "ZERO_CHECK", "ZERO_CHECK.vcxproj", "{CB958611-13CD-3324-AA2E-494782BF7300}"
	ProjectSection(ProjectDependencies) = postProject
	EndProjectSection
EndProject
Project("{8BC9CEB8-8B4A-11D0-8D11-00A0C91BC942}") = "aziotsharedutil", "c-utility\aziotsharedutil.vcxproj", "{71854143-938C-3EE7-9D47-59E7BB1B474E}"
	ProjectSection(ProjectDependencies) = postProject
		{CB958611-13CD-3324-AA2E-494782BF7300} = {CB958611-13CD-3324-AA2E-494782BF7300}
		{51DE4087-EE1E-3471-95B0-DD19AC53D80C} = {51DE4087-EE1E-3471-95B0-DD19AC53D80C}
	EndProjectSection
EndProject
Project("{8BC9CEB8-8B4A-11D0-8D11-00A0C91BC942}") = "c_build_functions", "deps\c-build-tools\build_functions\c_build_functions.vcxproj", "{D54FA746-9A67-3760-8A01-4B67635D24F1}"
	ProjectSection(ProjectDependencies) = postProject
		{CB958611-13CD-3324-AA2E-494782BF7300} = {CB958611-13CD-3324-AA2E-494782BF7300}
	EndProjectSection
EndProject
Project("{8BC9CEB8-8B4A-11D0-8D11-00A0C91BC942}") = "c_build_tools", "deps\c-build-tools\c_build_tools.vcxproj", "{07EED8A1-EBC6-3964-A569-2F32F0B3BD58}"
	ProjectSection(ProjectDependencies) = postProject
		{CB958611-13CD-3324-AA2E-494782BF7300} = {CB958611-13CD-3324-AA2E-494782BF7300}
	EndProjectSection
EndProject
Project("{8BC9CEB8-8B4A-11D0-8D11-00A0C91BC942}") = "c_logging_v2", "deps\c-logging\v2\c_logging_v2.vcxproj", "{14361853-797C-36B7-B04C-CD5086DA892D}"
	ProjectSection(ProjectDependencies) = postProject
		{CB958611-13CD-3324-AA2E-494782BF7300} = {CB958611-13CD-3324-AA2E-494782BF7300}
		{BC424F9F-B387-3DF9-B290-57C1D1C533C8} = {BC424F9F-B387-3DF9-B290-57C1D1C533C8}
		{51DE4087-EE1E-3471-95B0-DD19AC53D80C} = {51DE4087-EE1E-3471-95B0-DD19AC53D80C}
	EndProjectSection
EndProject
Project("{8BC9CEB8-8B4A-11D0-8D11-00A0C91BC942}") = "c_logging_v2_core", "deps\c-logging\v2\c_logging_v2_core.vcxproj", "{BC424F9F-B387-3DF9-B290-57C1D1C533C8}"
	ProjectSection(ProjectDependencies) = postProject
		{CB958611-13CD-3324-AA2E-494782BF7300} = {CB958611-13CD-3324-AA2E-494782BF7300}
		{51DE4087-EE1E-3471-95B0-DD19AC53D80C} = {51DE4087-EE1E-3471-95B0-DD19AC53D80C}
	EndProjectSection
EndProject
Project("{8BC9CEB8-8B4A-11D0-8D11-00A0C91BC942}") = "c_logging_v2_traceability", "deps\c-logging\v2\c_logging_v2_traceability.vcxproj", "{1C10A6BA-4951-3AB0-81F1-C01A7622E56F}"
	ProjectSection(ProjectDependencies) = postProject
		{CB958611-13CD-3324-AA2E-494782BF7300} = {CB958611-13CD-3324-AA2E-494782BF7300}
		{82F52DFF-A255-3267-B20C-BE131488AC4E} = {82F52DFF-A255-3267-B20C-BE131488AC4E}
	EndProjectSection
EndProject
Project("{8BC9CEB8-8B4A-11D0-8D11-00A0C91BC942}") = "ctest", "uamqp\deps\ctest\ctest.vcxproj", "{53FE38DC-DD83-390E-94A7-D202D4CF73A8}"
	ProjectSection(ProjectDependencies) = postProject
		{CB958611-13CD-3324-AA2E-494782BF7300} = {CB958611-13CD-3324-AA2E-494782BF7300}
		{14361853-797C-36B7-B04C-CD5086DA892D} = {14361853-797C-36B7-B04C-CD5086DA892D}
		{BC424F9F-B387-3DF9-B290-57C1D1C533C8} = {BC424F9F-B387-3DF9-B290-57C1D1C533C8}
		{51DE4087-EE1E-3471-95B0-DD19AC53D80C} = {51DE4087-EE1E-3471-95B0-DD19AC53D80C}
	EndProjectSection
EndProject
Project("{8BC9CEB8-8B4A-11D0-8D11-00A0C91BC942}") = "hsm_security_client", "provisioning_client\hsm_security_client.vcxproj", "{95EB1C28-B441-3737-8942-CC65F9234438}"
	ProjectSection(ProjectDependencies) = postProject
		{CB958611-13CD-3324-AA2E-494782BF7300} = {CB958611-13CD-3324-AA2E-494782BF7300}
		{71854143-938C-3EE7-9D47-59E7BB1B474E} = {71854143-938C-3EE7-9D47-59E7BB1B474E}
		{51DE4087-EE1E-3471-95B0-DD19AC53D80C} = {51DE4087-EE1E-3471-95B0-DD19AC53D80C}
		{9CFBB7CC-030C-3A89-B160-9F957B50F877} = {9CFBB7CC-030C-3A89-B160-9F957B50F877}
	EndProjectSection
EndProject
Project("{8BC9CEB8-8B4A-11D0-8D11-00A0C91BC942}") = "iothub_client", "iothub_client\iothub_client.vcxproj", "{D42C8854-E8F5-36F3-AD04-E7E7470BEEB4}"
	ProjectSection(ProjectDependencies) = postProject
		{CB958611-13CD-3324-AA2E-494782BF7300} = {CB958611-13CD-3324-AA2E-494782BF7300}
		{71854143-938C-3EE7-9D47-59E7BB1B474E} = {71854143-938C-3EE7-9D47-59E7BB1B474E}
		{95EB1C28-B441-3737-8942-CC65F9234438} = {95EB1C28-B441-3737-8942-CC65F9234438}
		{1BF9DAA9-A244-30A8-986B-D53DA35BB206} = {1BF9DAA9-A244-30A8-986B-D53DA35BB206}
		{44CD06F7-5D23-38AB-9004-0D537637334F} = {44CD06F7-5D23-38AB-9004-0D537637334F}
		{FA60DA2D-8C50-3CC2-B85C-18903EF1FB2A} = {FA60DA2D-8C50-3CC2-B85C-18903EF1FB2A}
		{9B6A050C-9CB7-3A13-8A56-A39B6C9F2480} = {9B6A050C-9CB7-3A13-8A56-A39B6C9F2480}
		{81B8F854-FA8F-3A7D-A1C0-5053E4A6F240} = {81B8F854-FA8F-3A7D-A1C0-5053E4A6F240}
		{51DE4087-EE1E-3471-95B0-DD19AC53D80C} = {51DE4087-EE1E-3471-95B0-DD19AC53D80C}
		{5C06BB44-4D09-36FA-A9E4-8A3C6C090FB0} = {5C06BB44-4D09-36FA-A9E4-8A3C6C090FB0}
		{2A319583-C850-3769-8F23-7AAFFC4A3ED1} = {2A319583-C850-3769-8F23-7AAFFC4A3ED1}
		{71A5DCD3-A06F-3B5D-90DE-047416A7B828} = {71A5DCD3-A06F-3B5D-90DE-047416A7B828}
		{2236CA91-9335-3D96-A05C-35AC3515E99A} = {2236CA91-9335-3D96-A05C-35AC3515E99A}
		{9CFBB7CC-030C-3A89-B160-9F957B50F877} = {9CFBB7CC-030C-3A89-B160-9F957B50F877}
	EndProjectSection
EndProject
Project("{8BC9CEB8-8B4A-11D0-8D11-00A0C91BC942}") = "iothub_client_amqp_transport", "iothub_client\iothub_client_amqp_transport.vcxproj", "{1BF9DAA9-A244-30A8-986B-D53DA35BB206}"
	ProjectSection(ProjectDependencies) = postProject
		{CB958611-13CD-3324-AA2E-494782BF7300} = {CB958611-13CD-3324-AA2E-494782BF7300}
		{71854143-938C-3EE7-9D47-59E7BB1B474E} = {71854143-938C-3EE7-9D47-59E7BB1B474E}
		{51DE4087-EE1E-3471-95B0-DD19AC53D80C} = {51DE4087-EE1E-3471-95B0-DD19AC53D80C}
		{71A5DCD3-A06F-3B5D-90DE-047416A7B828} = {71A5DCD3-A06F-3B5D-90DE-047416A7B828}
	EndProjectSection
EndProject
Project("{8BC9CEB8-8B4A-11D0-8D11-00A0C91BC942}") = "iothub_client_amqp_ws_transport", "iothub_client\iothub_client_amqp_ws_transport.vcxproj", "{44CD06F7-5D23-38AB-9004-0D537637334F}"
	ProjectSection(ProjectDependencies) = postProject
		{CB958611-13CD-3324-AA2E-494782BF7300} = {CB958611-13CD-3324-AA2E-494782BF7300}
		{71854143-938C-3EE7-9D47-59E7BB1B474E} = {71854143-938C-3EE7-9D47-59E7BB1B474E}
		{51DE4087-EE1E-3471-95B0-DD19AC53D80C} = {51DE4087-EE1E-3471-95B0-DD19AC53D80C}
		{71A5DCD3-A06F-3B5D-90DE-047416A7B828} = {71A5DCD3-A06F-3B5D-90DE-047416A7B828}
	EndProjectSection
EndProject
Project("{8BC9CEB8-8B4A-11D0-8D11-00A0C91BC942}") = "iothub_client_http_transport", "iothub_client\iothub_client_http_transport.vcxproj", "{FA60DA2D-8C50-3CC2-B85C-18903EF1FB2A}"
	ProjectSection(ProjectDependencies) = postProject
		{CB958611-13CD-3324-AA2E-494782BF7300} = {CB958611-13CD-3324-AA2E-494782BF7300}
		{71854143-938C-3EE7-9D47-59E7BB1B474E} = {71854143-938C-3EE7-9D47-59E7BB1B474E}
		{51DE4087-EE1E-3471-95B0-DD19AC53D80C} = {51DE4087-EE1E-3471-95B0-DD19AC53D80C}
	EndProjectSection
EndProject
Project("{8BC9CEB8-8B4A-11D0-8D11-00A0C91BC942}") = "iothub_client_mqtt_transport", "iothub_client\iothub_client_mqtt_transport.vcxproj", "{9B6A050C-9CB7-3A13-8A56-A39B6C9F2480}"
	ProjectSection(ProjectDependencies) = postProject
		{CB958611-13CD-3324-AA2E-494782BF7300} = {CB958611-13CD-3324-AA2E-494782BF7300}
		{71854143-938C-3EE7-9D47-59E7BB1B474E} = {71854143-938C-3EE7-9D47-59E7BB1B474E}
		{51DE4087-EE1E-3471-95B0-DD19AC53D80C} = {51DE4087-EE1E-3471-95B0-DD19AC53D80C}
		{2236CA91-9335-3D96-A05C-35AC3515E99A} = {2236CA91-9335-3D96-A05C-35AC3515E99A}
	EndProjectSection
EndProject
Project("{8BC9CEB8-8B4A-11D0-8D11-00A0C91BC942}") = "iothub_client_mqtt_ws_transport", "iothub_client\iothub_client_mqtt_ws_transport.vcxproj", "{81B8F854-FA8F-3A7D-A1C0-5053E4A6F240}"
	ProjectSection(ProjectDependencies) = postProject
		{CB958611-13CD-3324-AA2E-494782BF7300} = {CB958611-13CD-3324-AA2E-494782BF7300}
		{71854143-938C-3EE7-9D47-59E7BB1B474E} = {71854143-938C-3EE7-9D47-59E7BB1B474E}
		{51DE4087-EE1E-3471-95B0-DD19AC53D80C} = {51DE4087-EE1E-3471-95B0-DD19AC53D80C}
		{2236CA91-9335-3D96-A05C-35AC3515E99A} = {2236CA91-9335-3D96-A05C-35AC3515E99A}
	EndProjectSection
EndProject
Project("{8BC9CEB8-8B4A-11D0-8D11-00A0C91BC942}") = "iothub_service_client", "iothub_service_client\iothub_service_client.vcxproj", "{86BB0475-C414-3B7A-BD4E-476B5ADD235E}"
	ProjectSection(ProjectDependencies) = postProject
		{CB958611-13CD-3324-AA2E-494782BF7300} = {CB958611-13CD-3324-AA2E-494782BF7300}
		{71854143-938C-3EE7-9D47-59E7BB1B474E} = {71854143-938C-3EE7-9D47-59E7BB1B474E}
		{51DE4087-EE1E-3471-95B0-DD19AC53D80C} = {51DE4087-EE1E-3471-95B0-DD19AC53D80C}
		{5C06BB44-4D09-36FA-A9E4-8A3C6C090FB0} = {5C06BB44-4D09-36FA-A9E4-8A3C6C090FB0}
		{71A5DCD3-A06F-3B5D-90DE-047416A7B828} = {71A5DCD3-A06F-3B5D-90DE-047416A7B828}
	EndProjectSection
EndProject
Project("{8BC9CEB8-8B4A-11D0-8D11-00A0C91BC942}") = "macro_utils_c", "deps\macro-utils-c\macro_utils_c.vcxproj", "{51DE4087-EE1E-3471-95B0-DD19AC53D80C}"
	ProjectSection(ProjectDependencies) = postProject
		{CB958611-13CD-3324-AA2E-494782BF7300} = {CB958611-13CD-3324-AA2E-494782BF7300}
	EndProjectSection
EndProject
Project("{8BC9CEB8-8B4A-11D0-8D11-00A0C91BC942}") = "parson", "deps\parson\parson.vcxproj", "{5C06BB44-4D09-36FA-A9E4-8A3C6C090FB0}"
	ProjectSection(ProjectDependencies) = postProject
		{CB958611-13CD-3324-AA2E-494782BF7300} = {CB958611-13CD-3324-AA2E-494782BF7300}
	EndProjectSection
EndProject
Project("{8BC9CEB8-8B4A-11D0-8D11-00A0C91BC942}") = "prov_amqp_transport", "provisioning_client\prov_amqp_transport.vcxproj", "{3C0A25E2-D7EA-3219-B18B-8F61A731ACA8}"
	ProjectSection(ProjectDependencies) = postProject
		{CB958611-13CD-3324-AA2E-494782BF7300} = {CB958611-13CD-3324-AA2E-494782BF7300}
		{71854143-938C-3EE7-9D47-59E7BB1B474E} = {71854143-938C-3EE7-9D47-59E7BB1B474E}
		{51DE4087-EE1E-3471-95B0-DD19AC53D80C} = {51DE4087-EE1E-3471-95B0-DD19AC53D80C}
		{71A5DCD3-A06F-3B5D-90DE-047416A7B828} = {71A5DCD3-A06F-3B5D-90DE-047416A7B828}
	EndProjectSection
EndProject
Project("{8BC9CEB8-8B4A-11D0-8D11-00A0C91BC942}") = "prov_amqp_ws_transport", "provisioning_client\prov_amqp_ws_transport.vcxproj", "{AEED33C1-8A7D-34F6-B529-C6F199793EBB}"
	ProjectSection(ProjectDependencies) = postProject
		{CB958611-13CD-3324-AA2E-494782BF7300} = {CB958611-13CD-3324-AA2E-494782BF7300}
		{71854143-938C-3EE7-9D47-59E7BB1B474E} = {71854143-938C-3EE7-9D47-59E7BB1B474E}
		{51DE4087-EE1E-3471-95B0-DD19AC53D80C} = {51DE4087-EE1E-3471-95B0-DD19AC53D80C}
		{71A5DCD3-A06F-3B5D-90DE-047416A7B828} = {71A5DCD3-A06F-3B5D-90DE-047416A7B828}
	EndProjectSection
EndProject
Project("{8BC9CEB8-8B4A-11D0-8D11-00A0C91BC942}") = "prov_auth_client", "provisioning_client\prov_auth_client.vcxproj", "{2A319583-C850-3769-8F23-7AAFFC4A3ED1}"
	ProjectSection(ProjectDependencies) = postProject
		{CB958611-13CD-3324-AA2E-494782BF7300} = {CB958611-13CD-3324-AA2E-494782BF7300}
		{71854143-938C-3EE7-9D47-59E7BB1B474E} = {71854143-938C-3EE7-9D47-59E7BB1B474E}
		{95EB1C28-B441-3737-8942-CC65F9234438} = {95EB1C28-B441-3737-8942-CC65F9234438}
		{51DE4087-EE1E-3471-95B0-DD19AC53D80C} = {51DE4087-EE1E-3471-95B0-DD19AC53D80C}
		{9CFBB7CC-030C-3A89-B160-9F957B50F877} = {9CFBB7CC-030C-3A89-B160-9F957B50F877}
	EndProjectSection
EndProject
Project("{8BC9CEB8-8B4A-11D0-8D11-00A0C91BC942}") = "prov_device_client", "provisioning_client\prov_device_client.vcxproj", "{1F7AB375-6D4E-33C7-A78A-D5F373058BEC}"
	ProjectSection(ProjectDependencies) = postProject
		{CB958611-13CD-3324-AA2E-494782BF7300} = {CB958611-13CD-3324-AA2E-494782BF7300}
		{71854143-938C-3EE7-9D47-59E7BB1B474E} = {71854143-938C-3EE7-9D47-59E7BB1B474E}
		{95EB1C28-B441-3737-8942-CC65F9234438} = {95EB1C28-B441-3737-8942-CC65F9234438}
		{51DE4087-EE1E-3471-95B0-DD19AC53D80C} = {51DE4087-EE1E-3471-95B0-DD19AC53D80C}
		{5C06BB44-4D09-36FA-A9E4-8A3C6C090FB0} = {5C06BB44-4D09-36FA-A9E4-8A3C6C090FB0}
		{2A319583-C850-3769-8F23-7AAFFC4A3ED1} = {2A319583-C850-3769-8F23-7AAFFC4A3ED1}
		{F73C4AC2-4483-3524-A5BF-0DF29120C4E9} = {F73C4AC2-4483-3524-A5BF-0DF29120C4E9}
		{9CFBB7CC-030C-3A89-B160-9F957B50F877} = {9CFBB7CC-030C-3A89-B160-9F957B50F877}
	EndProjectSection
EndProject
Project("{8BC9CEB8-8B4A-11D0-8D11-00A0C91BC942}") = "prov_device_ll_client", "provisioning_client\prov_device_ll_client.vcxproj", "{F73C4AC2-4483-3524-A5BF-0DF29120C4E9}"
	ProjectSection(ProjectDependencies) = postProject
		{CB958611-13CD-3324-AA2E-494782BF7300} = {CB958611-13CD-3324-AA2E-494782BF7300}
		{71854143-938C-3EE7-9D47-59E7BB1B474E} = {71854143-938C-3EE7-9D47-59E7BB1B474E}
		{95EB1C28-B441-3737-8942-CC65F9234438} = {95EB1C28-B441-3737-8942-CC65F9234438}
		{51DE4087-EE1E-3471-95B0-DD19AC53D80C} = {51DE4087-EE1E-3471-95B0-DD19AC53D80C}
		{5C06BB44-4D09-36FA-A9E4-8A3C6C090FB0} = {5C06BB44-4D09-36FA-A9E4-8A3C6C090FB0}
		{2A319583-C850-3769-8F23-7AAFFC4A3ED1} = {2A319583-C850-3769-8F23-7AAFFC4A3ED1}
		{9CFBB7CC-030C-3A89-B160-9F957B50F877} = {9CFBB7CC-030C-3A89-B160-9F957B50F877}
	EndProjectSection
EndProject
Project("{8BC9CEB8-8B4A-11D0-8D11-00A0C91BC942}") = "prov_http_transport", "provisioning_client\prov_http_transport.vcxproj", "{CD0214E1-A6B6-37C2-8EC2-5A88EB6BF456}"
	ProjectSection(ProjectDependencies) = postProject
		{CB958611-13CD-3324-AA2E-494782BF7300} = {CB958611-13CD-3324-AA2E-494782BF7300}
		{71854143-938C-3EE7-9D47-59E7BB1B474E} = {71854143-938C-3EE7-9D47-59E7BB1B474E}
		{51DE4087-EE1E-3471-95B0-DD19AC53D80C} = {51DE4087-EE1E-3471-95B0-DD19AC53D80C}
		{D8FC6D62-35CB-3E8A-B8A5-3E9A7ACBD032} = {D8FC6D62-35CB-3E8A-B8A5-3E9A7ACBD032}
	EndProjectSection
EndProject
Project("{8BC9CEB8-8B4A-11D0-8D11-00A0C91BC942}") = "prov_mqtt_transport", "provisioning_client\prov_mqtt_transport.vcxproj", "{CB6AF90E-5F98-3CD4-B94F-D0AE1BD8F819}"
	ProjectSection(ProjectDependencies) = postProject
		{CB958611-13CD-3324-AA2E-494782BF7300} = {CB958611-13CD-3324-AA2E-494782BF7300}
		{71854143-938C-3EE7-9D47-59E7BB1B474E} = {71854143-938C-3EE7-9D47-59E7BB1B474E}
		{51DE4087-EE1E-3471-95B0-DD19AC53D80C} = {51DE4087-EE1E-3471-95B0-DD19AC53D80C}
		{2236CA91-9335-3D96-A05C-35AC3515E99A} = {2236CA91-9335-3D96-A05C-35AC3515E99A}
	EndProjectSection
EndProject
Project("{8BC9CEB8-8B4A-11D0-8D11-00A0C91BC942}") = "prov_mqtt_ws_transport", "provisioning_client\prov_mqtt_ws_transport.vcxproj", "{E255385D-ACF0-3486-BDD9-7D31A379B074}"
	ProjectSection(ProjectDependencies) = postProject
		{CB958611-13CD-3324-AA2E-494782BF7300} = {CB958611-13CD-3324-AA2E-494782BF7300}
		{71854143-938C-3EE7-9D47-59E7BB1B474E} = {71854143-938C-3EE7-9D47-59E7BB1B474E}
		{51DE4087-EE1E-3471-95B0-DD19AC53D80C} = {51DE4087-EE1E-3471-95B0-DD19AC53D80C}
		{2236CA91-9335-3D96-A05C-35AC3515E99A} = {2236CA91-9335-3D96-A05C-35AC3515E99A}
	EndProjectSection
EndProject
Project("{8BC9CEB8-8B4A-11D0-8D11-00A0C91BC942}") = "provisioning_service_client", "provisioning_service_client\provisioning_service_client.vcxproj", "{ACE4FB4A-D706-3205-8410-3736A1A46A69}"
	ProjectSection(ProjectDependencies) = postProject
		{CB958611-13CD-3324-AA2E-494782BF7300} = {CB958611-13CD-3324-AA2E-494782BF7300}
		{71854143-938C-3EE7-9D47-59E7BB1B474E} = {71854143-938C-3EE7-9D47-59E7BB1B474E}
		{51DE4087-EE1E-3471-95B0-DD19AC53D80C} = {51DE4087-EE1E-3471-95B0-DD19AC53D80C}
		{5C06BB44-4D09-36FA-A9E4-8A3C6C090FB0} = {5C06BB44-4D09-36FA-A9E4-8A3C6C090FB0}
		{D8FC6D62-35CB-3E8A-B8A5-3E9A7ACBD032} = {D8FC6D62-35CB-3E8A-B8A5-3E9A7ACBD032}
	EndProjectSection
EndProject
Project("{8BC9CEB8-8B4A-11D0-8D11-00A0C91BC942}") = "reals_check", "deps\c-build-tools\reals_check\reals_check.vcxproj", "{2BCB7421-3497-30FB-B847-4173A2978339}"
	ProjectSection(ProjectDependencies) = postProject
		{CB958611-13CD-3324-AA2E-494782BF7300} = {CB958611-13CD-3324-AA2E-494782BF7300}
	EndProjectSection
EndProject
Project("{8BC9CEB8-8B4A-11D0-8D11-00A0C91BC942}") = "serializer", "serializer\serializer.vcxproj", "{5E84632D-EB2E-34E8-83E1-1C2A21B1BA2C}"
	ProjectSection(ProjectDependencies) = postProject
		{CB958611-13CD-3324-AA2E-494782BF7300} = {CB958611-13CD-3324-AA2E-494782BF7300}
		{5C06BB44-4D09-36FA-A9E4-8A3C6C090FB0} = {5C06BB44-4D09-36FA-A9E4-8A3C6C090FB0}
	EndProjectSection
EndProject
Project("{8BC9CEB8-8B4A-11D0-8D11-00A0C91BC942}") = "testrunnerswitcher", "uamqp\deps\c-testrunnerswitcher\testrunnerswitcher.vcxproj", "{E3EE5EC9-F302-3D04-8801-0B93BCB3706D}"
	ProjectSection(ProjectDependencies) = postProject
		{CB958611-13CD-3324-AA2E-494782BF7300} = {CB958611-13CD-3324-AA2E-494782BF7300}
		{14361853-797C-36B7-B04C-CD5086DA892D} = {14361853-797C-36B7-B04C-CD5086DA892D}
		{BC424F9F-B387-3DF9-B290-57C1D1C533C8} = {BC424F9F-B387-3DF9-B290-57C1D1C533C8}
		{53FE38DC-DD83-390E-94A7-D202D4CF73A8} = {53FE38DC-DD83-390E-94A7-D202D4CF73A8}
		{51DE4087-EE1E-3471-95B0-DD19AC53D80C} = {51DE4087-EE1E-3471-95B0-DD19AC53D80C}
	EndProjectSection
EndProject
Project("{FAE04EC0-301F-11D3-BF4B-00C04F79EFBC}") = "traceabilitytool", "deps\c-build-tools\traceabilitytool\traceabilitytool.csproj", "{82F52DFF-A255-3267-B20C-BE131488AC4E}"
	ProjectSection(ProjectDependencies) = postProject
		{CB958611-13CD-3324-AA2E-494782BF7300} = {CB958611-13CD-3324-AA2E-494782BF7300}
	EndProjectSection
EndProject
Project("{8BC9CEB8-8B4A-11D0-8D11-00A0C91BC942}") = "uamqp", "uamqp\uamqp.vcxproj", "{71A5DCD3-A06F-3B5D-90DE-047416A7B828}"
	ProjectSection(ProjectDependencies) = postProject
		{CB958611-13CD-3324-AA2E-494782BF7300} = {CB958611-13CD-3324-AA2E-494782BF7300}
		{71854143-938C-3EE7-9D47-59E7BB1B474E} = {71854143-938C-3EE7-9D47-59E7BB1B474E}
		{51DE4087-EE1E-3471-95B0-DD19AC53D80C} = {51DE4087-EE1E-3471-95B0-DD19AC53D80C}
	EndProjectSection
EndProject
Project("{8BC9CEB8-8B4A-11D0-8D11-00A0C91BC942}") = "uhttp", "deps\uhttp\uhttp.vcxproj", "{D8FC6D62-35CB-3E8A-B8A5-3E9A7ACBD032}"
	ProjectSection(ProjectDependencies) = postProject
		{CB958611-13CD-3324-AA2E-494782BF7300} = {CB958611-13CD-3324-AA2E-494782BF7300}
		{71854143-938C-3EE7-9D47-59E7BB1B474E} = {71854143-938C-3EE7-9D47-59E7BB1B474E}
		{51DE4087-EE1E-3471-95B0-DD19AC53D80C} = {51DE4087-EE1E-3471-95B0-DD19AC53D80C}
	EndProjectSection
EndProject
Project("{8BC9CEB8-8B4A-11D0-8D11-00A0C91BC942}") = "umock_c", "deps\umock-c\umock_c.vcxproj", "{E729165B-2516-3B58-B7A1-67812B75B421}"
	ProjectSection(ProjectDependencies) = postProject
		{CB958611-13CD-3324-AA2E-494782BF7300} = {CB958611-13CD-3324-AA2E-494782BF7300}
		{14361853-797C-36B7-B04C-CD5086DA892D} = {14361853-797C-36B7-B04C-CD5086DA892D}
		{BC424F9F-B387-3DF9-B290-57C1D1C533C8} = {BC424F9F-B387-3DF9-B290-57C1D1C533C8}
		{51DE4087-EE1E-3471-95B0-DD19AC53D80C} = {51DE4087-EE1E-3471-95B0-DD19AC53D80C}
	EndProjectSection
EndProject
Project("{8BC9CEB8-8B4A-11D0-8D11-00A0C91BC942}") = "umqtt", "umqtt\umqtt.vcxproj", "{2236CA91-9335-3D96-A05C-35AC3515E99A}"
	ProjectSection(ProjectDependencies) = postProject
		{CB958611-13CD-3324-AA2E-494782BF7300} = {CB958611-13CD-3324-AA2E-494782BF7300}
		{71854143-938C-3EE7-9D47-59E7BB1B474E} = {71854143-938C-3EE7-9D47-59E7BB1B474E}
		{51DE4087-EE1E-3471-95B0-DD19AC53D80C} = {51DE4087-EE1E-3471-95B0-DD19AC53D80C}
	EndProjectSection
EndProject
Project("{8BC9CEB8-8B4A-11D0-8D11-00A0C91BC942}") = "utpm", "provisioning_client\deps\utpm\utpm.vcxproj", "{9CFBB7CC-030C-3A89-B160-9F957B50F877}"
	ProjectSection(ProjectDependencies) = postProject
		{CB958611-13CD-3324-AA2E-494782BF7300} = {CB958611-13CD-3324-AA2E-494782BF7300}
		{71854143-938C-3EE7-9D47-59E7BB1B474E} = {71854143-938C-3EE7-9D47-59E7BB1B474E}
		{51DE4087-EE1E-3471-95B0-DD19AC53D80C} = {51DE4087-EE1E-3471-95B0-DD19AC53D80C}
	EndProjectSection
EndProject
Global
	GlobalSection(SolutionConfigurationPlatforms) = preSolution
		Debug|x64 = Debug|x64
		Release|x64 = Release|x64
		MinSizeRel|x64 = MinSizeRel|x64
		RelWithDebInfo|x64 = RelWithDebInfo|x64
	EndGlobalSection
	GlobalSection(ProjectConfigurationPlatforms) = postSolution
		{6E8419F4-BD29-3424-9261-72A7A9EF705C}.Debug|x64.ActiveCfg = Debug|x64
		{6E8419F4-BD29-3424-9261-72A7A9EF705C}.Debug|x64.Build.0 = Debug|x64
		{6E8419F4-BD29-3424-9261-72A7A9EF705C}.Release|x64.ActiveCfg = Release|x64
		{6E8419F4-BD29-3424-9261-72A7A9EF705C}.Release|x64.Build.0 = Release|x64
		{6E8419F4-BD29-3424-9261-72A7A9EF705C}.MinSizeRel|x64.ActiveCfg = MinSizeRel|x64
		{6E8419F4-BD29-3424-9261-72A7A9EF705C}.MinSizeRel|x64.Build.0 = MinSizeRel|x64
		{6E8419F4-BD29-3424-9261-72A7A9EF705C}.RelWithDebInfo|x64.ActiveCfg = RelWithDebInfo|x64
		{6E8419F4-BD29-3424-9261-72A7A9EF705C}.RelWithDebInfo|x64.Build.0 = RelWithDebInfo|x64
		{C51944CC-CA15-3549-B650-5FEB4C68940B}.Debug|x64.ActiveCfg = Debug|x64
		{C51944CC-CA15-3549-B650-5FEB4C68940B}.Debug|x64.Build.0 = Debug|x64
		{C51944CC-CA15-3549-B650-5FEB4C68940B}.Release|x64.ActiveCfg = Release|x64
		{C51944CC-CA15-3549-B650-5FEB4C68940B}.Release|x64.Build.0 = Release|x64
		{C51944CC-CA15-3549-B650-5FEB4C68940B}.MinSizeRel|x64.ActiveCfg = MinSizeRel|x64
		{C51944CC-CA15-3549-B650-5FEB4C68940B}.MinSizeRel|x64.Build.0 = MinSizeRel|x64
		{C51944CC-CA15-3549-B650-5FEB4C68940B}.RelWithDebInfo|x64.ActiveCfg = RelWithDebInfo|x64
		{C51944CC-CA15-3549-B650-5FEB4C68940B}.RelWithDebInfo|x64.Build.0 = RelWithDebInfo|x64
		{ABC4A9C4-D253-3DA5-AB24-4E5C6DE3817C}.Debug|x64.ActiveCfg = Debug|x64
		{ABC4A9C4-D253-3DA5-AB24-4E5C6DE3817C}.Release|x64.ActiveCfg = Release|x64
		{ABC4A9C4-D253-3DA5-AB24-4E5C6DE3817C}.MinSizeRel|x64.ActiveCfg = MinSizeRel|x64
		{ABC4A9C4-D253-3DA5-AB24-4E5C6DE3817C}.RelWithDebInfo|x64.ActiveCfg = RelWithDebInfo|x64
		{8404174F-010C-3003-95CA-69DE75225C6B}.Debug|x64.ActiveCfg = Debug|x64
		{8404174F-010C-3003-95CA-69DE75225C6B}.Release|x64.ActiveCfg = Release|x64
		{8404174F-010C-3003-95CA-69DE75225C6B}.MinSizeRel|x64.ActiveCfg = MinSizeRel|x64
		{8404174F-010C-3003-95CA-69DE75225C6B}.RelWithDebInfo|x64.ActiveCfg = RelWithDebInfo|x64
		{CD796A72-F5E9-3629-BB2C-FC7D8EEB59B5}.Debug|x64.ActiveCfg = Debug|x64
		{CD796A72-F5E9-3629-BB2C-FC7D8EEB59B5}.Release|x64.ActiveCfg = Release|x64
		{CD796A72-F5E9-3629-BB2C-FC7D8EEB59B5}.MinSizeRel|x64.ActiveCfg = MinSizeRel|x64
		{CD796A72-F5E9-3629-BB2C-FC7D8EEB59B5}.RelWithDebInfo|x64.ActiveCfg = RelWithDebInfo|x64
		{CE6FD9FE-2E49-39B7-90B1-41311DF8E42A}.Debug|x64.ActiveCfg = Debug|x64
		{CE6FD9FE-2E49-39B7-90B1-41311DF8E42A}.Release|x64.ActiveCfg = Release|x64
		{CE6FD9FE-2E49-39B7-90B1-41311DF8E42A}.MinSizeRel|x64.ActiveCfg = MinSizeRel|x64
		{CE6FD9FE-2E49-39B7-90B1-41311DF8E42A}.RelWithDebInfo|x64.ActiveCfg = RelWithDebInfo|x64
		{F16B87E3-6F45-3C7E-B5BD-34034046061B}.Debug|x64.ActiveCfg = Debug|x64
		{F16B87E3-6F45-3C7E-B5BD-34034046061B}.Release|x64.ActiveCfg = Release|x64
		{F16B87E3-6F45-3C7E-B5BD-34034046061B}.MinSizeRel|x64.ActiveCfg = MinSizeRel|x64
		{F16B87E3-6F45-3C7E-B5BD-34034046061B}.RelWithDebInfo|x64.ActiveCfg = RelWithDebInfo|x64
		{77493CB8-EE94-3542-9959-7D1B44D28CEB}.Debug|x64.ActiveCfg = Debug|x64
		{77493CB8-EE94-3542-9959-7D1B44D28CEB}.Release|x64.ActiveCfg = Release|x64
		{77493CB8-EE94-3542-9959-7D1B44D28CEB}.MinSizeRel|x64.ActiveCfg = MinSizeRel|x64
		{77493CB8-EE94-3542-9959-7D1B44D28CEB}.RelWithDebInfo|x64.ActiveCfg = RelWithDebInfo|x64
		{CB958611-13CD-3324-AA2E-494782BF7300}.Debug|x64.ActiveCfg = Debug|x64
		{CB958611-13CD-3324-AA2E-494782BF7300}.Debug|x64.Build.0 = Debug|x64
		{CB958611-13CD-3324-AA2E-494782BF7300}.Release|x64.ActiveCfg = Release|x64
		{CB958611-13CD-3324-AA2E-494782BF7300}.Release|x64.Build.0 = Release|x64
		{CB958611-13CD-3324-AA2E-494782BF7300}.MinSizeRel|x64.ActiveCfg = MinSizeRel|x64
		{CB958611-13CD-3324-AA2E-494782BF7300}.MinSizeRel|x64.Build.0 = MinSizeRel|x64
		{CB958611-13CD-3324-AA2E-494782BF7300}.RelWithDebInfo|x64.ActiveCfg = RelWithDebInfo|x64
		{CB958611-13CD-3324-AA2E-494782BF7300}.RelWithDebInfo|x64.Build.0 = RelWithDebInfo|x64
		{71854143-938C-3EE7-9D47-59E7BB1B474E}.Debug|x64.ActiveCfg = Debug|x64
		{71854143-938C-3EE7-9D47-59E7BB1B474E}.Debug|x64.Build.0 = Debug|x64
		{71854143-938C-3EE7-9D47-59E7BB1B474E}.Release|x64.ActiveCfg = Release|x64
		{71854143-938C-3EE7-9D47-59E7BB1B474E}.Release|x64.Build.0 = Release|x64
		{71854143-938C-3EE7-9D47-59E7BB1B474E}.MinSizeRel|x64.ActiveCfg = MinSizeRel|x64
		{71854143-938C-3EE7-9D47-59E7BB1B474E}.MinSizeRel|x64.Build.0 = MinSizeRel|x64
		{71854143-938C-3EE7-9D47-59E7BB1B474E}.RelWithDebInfo|x64.ActiveCfg = RelWithDebInfo|x64
		{71854143-938C-3EE7-9D47-59E7BB1B474E}.RelWithDebInfo|x64.Build.0 = RelWithDebInfo|x64
		{D54FA746-9A67-3760-8A01-4B67635D24F1}.Debug|x64.ActiveCfg = Debug|x64
		{D54FA746-9A67-3760-8A01-4B67635D24F1}.Release|x64.ActiveCfg = Release|x64
		{D54FA746-9A67-3760-8A01-4B67635D24F1}.MinSizeRel|x64.ActiveCfg = MinSizeRel|x64
		{D54FA746-9A67-3760-8A01-4B67635D24F1}.RelWithDebInfo|x64.ActiveCfg = RelWithDebInfo|x64
		{07EED8A1-EBC6-3964-A569-2F32F0B3BD58}.Debug|x64.ActiveCfg = Debug|x64
		{07EED8A1-EBC6-3964-A569-2F32F0B3BD58}.Release|x64.ActiveCfg = Release|x64
		{07EED8A1-EBC6-3964-A569-2F32F0B3BD58}.MinSizeRel|x64.ActiveCfg = MinSizeRel|x64
		{07EED8A1-EBC6-3964-A569-2F32F0B3BD58}.RelWithDebInfo|x64.ActiveCfg = RelWithDebInfo|x64
		{14361853-797C-36B7-B04C-CD5086DA892D}.Debug|x64.ActiveCfg = Debug|x64
		{14361853-797C-36B7-B04C-CD5086DA892D}.Debug|x64.Build.0 = Debug|x64
		{14361853-797C-36B7-B04C-CD5086DA892D}.Release|x64.ActiveCfg = Release|x64
		{14361853-797C-36B7-B04C-CD5086DA892D}.Release|x64.Build.0 = Release|x64
		{14361853-797C-36B7-B04C-CD5086DA892D}.MinSizeRel|x64.ActiveCfg = MinSizeRel|x64
		{14361853-797C-36B7-B04C-CD5086DA892D}.MinSizeRel|x64.Build.0 = MinSizeRel|x64
		{14361853-797C-36B7-B04C-CD5086DA892D}.RelWithDebInfo|x64.ActiveCfg = RelWithDebInfo|x64
		{14361853-797C-36B7-B04C-CD5086DA892D}.RelWithDebInfo|x64.Build.0 = RelWithDebInfo|x64
		{BC424F9F-B387-3DF9-B290-57C1D1C533C8}.Debug|x64.ActiveCfg = Debug|x64
		{BC424F9F-B387-3DF9-B290-57C1D1C533C8}.Debug|x64.Build.0 = Debug|x64
		{BC424F9F-B387-3DF9-B290-57C1D1C533C8}.Release|x64.ActiveCfg = Release|x64
		{BC424F9F-B387-3DF9-B290-57C1D1C533C8}.Release|x64.Build.0 = Release|x64
		{BC424F9F-B387-3DF9-B290-57C1D1C533C8}.MinSizeRel|x64.ActiveCfg = MinSizeRel|x64
		{BC424F9F-B387-3DF9-B290-57C1D1C533C8}.MinSizeRel|x64.Build.0 = MinSizeRel|x64
		{BC424F9F-B387-3DF9-B290-57C1D1C533C8}.RelWithDebInfo|x64.ActiveCfg = RelWithDebInfo|x64
		{BC424F9F-B387-3DF9-B290-57C1D1C533C8}.RelWithDebInfo|x64.Build.0 = RelWithDebInfo|x64
		{1C10A6BA-4951-3AB0-81F1-C01A7622E56F}.Debug|x64.ActiveCfg = Debug|x64
		{1C10A6BA-4951-3AB0-81F1-C01A7622E56F}.Debug|x64.Build.0 = Debug|x64
		{1C10A6BA-4951-3AB0-81F1-C01A7622E56F}.Release|x64.ActiveCfg = Release|x64
		{1C10A6BA-4951-3AB0-81F1-C01A7622E56F}.Release|x64.Build.0 = Release|x64
		{1C10A6BA-4951-3AB0-81F1-C01A7622E56F}.MinSizeRel|x64.ActiveCfg = MinSizeRel|x64
		{1C10A6BA-4951-3AB0-81F1-C01A7622E56F}.MinSizeRel|x64.Build.0 = MinSizeRel|x64
		{1C10A6BA-4951-3AB0-81F1-C01A7622E56F}.RelWithDebInfo|x64.ActiveCfg = RelWithDebInfo|x64
		{1C10A6BA-4951-3AB0-81F1-C01A7622E56F}.RelWithDebInfo|x64.Build.0 = RelWithDebInfo|x64
		{53FE38DC-DD83-390E-94A7-D202D4CF73A8}.Debug|x64.ActiveCfg = Debug|x64
		{53FE38DC-DD83-390E-94A7-D202D4CF73A8}.Debug|x64.Build.0 = Debug|x64
		{53FE38DC-DD83-390E-94A7-D202D4CF73A8}.Release|x64.ActiveCfg = Release|x64
		{53FE38DC-DD83-390E-94A7-D202D4CF73A8}.Release|x64.Build.0 = Release|x64
		{53FE38DC-DD83-390E-94A7-D202D4CF73A8}.MinSizeRel|x64.ActiveCfg = MinSizeRel|x64
		{53FE38DC-DD83-390E-94A7-D202D4CF73A8}.MinSizeRel|x64.Build.0 = MinSizeRel|x64
		{53FE38DC-DD83-390E-94A7-D202D4CF73A8}.RelWithDebInfo|x64.ActiveCfg = RelWithDebInfo|x64
		{53FE38DC-DD83-390E-94A7-D202D4CF73A8}.RelWithDebInfo|x64.Build.0 = RelWithDebInfo|x64
		{95EB1C28-B441-3737-8942-CC65F9234438}.Debug|x64.ActiveCfg = Debug|x64
		{95EB1C28-B441-3737-8942-CC65F9234438}.Debug|x64.Build.0 = Debug|x64
		{95EB1C28-B441-3737-8942-CC65F9234438}.Release|x64.ActiveCfg = Release|x64
		{95EB1C28-B441-3737-8942-CC65F9234438}.Release|x64.Build.0 = Release|x64
		{95EB1C28-B441-3737-8942-CC65F9234438}.MinSizeRel|x64.ActiveCfg = MinSizeRel|x64
		{95EB1C28-B441-3737-8942-CC65F9234438}.MinSizeRel|x64.Build.0 = MinSizeRel|x64
		{95EB1C28-B441-3737-8942-CC65F9234438}.RelWithDebInfo|x64.ActiveCfg = RelWithDebInfo|x64
		{95EB1C28-B441-3737-8942-CC65F9234438}.RelWithDebInfo|x64.Build.0 = RelWithDebInfo|x64
		{D42C8854-E8F5-36F3-AD04-E7E7470BEEB4}.Debug|x64.ActiveCfg = Debug|x64
		{D42C8854-E8F5-36F3-AD04-E7E7470BEEB4}.Debug|x64.Build.0 = Debug|x64
		{D42C8854-E8F5-36F3-AD04-E7E7470BEEB4}.Release|x64.ActiveCfg = Release|x64
		{D42C8854-E8F5-36F3-AD04-E7E7470BEEB4}.Release|x64.Build.0 = Release|x64
		{D42C8854-E8F5-36F3-AD04-E7E7470BEEB4}.MinSizeRel|x64.ActiveCfg = MinSizeRel|x64
		{D42C8854-E8F5-36F3-AD04-E7E7470BEEB4}.MinSizeRel|x64.Build.0 = MinSizeRel|x64
		{D42C8854-E8F5-36F3-AD04-E7E7470BEEB4}.RelWithDebInfo|x64.ActiveCfg = RelWithDebInfo|x64
		{D42C8854-E8F5-36F3-AD04-E7E7470BEEB4}.RelWithDebInfo|x64.Build.0 = RelWithDebInfo|x64
		{1BF9DAA9-A244-30A8-986B-D53DA35BB206}.Debug|x64.ActiveCfg = Debug|x64
		{1BF9DAA9-A244-30A8-986B-D53DA35BB206}.Debug|x64.Build.0 = Debug|x64
		{1BF9DAA9-A244-30A8-986B-D53DA35BB206}.Release|x64.ActiveCfg = Release|x64
		{1BF9DAA9-A244-30A8-986B-D53DA35BB206}.Release|x64.Build.0 = Release|x64
		{1BF9DAA9-A244-30A8-986B-D53DA35BB206}.MinSizeRel|x64.ActiveCfg = MinSizeRel|x64
		{1BF9DAA9-A244-30A8-986B-D53DA35BB206}.MinSizeRel|x64.Build.0 = MinSizeRel|x64
		{1BF9DAA9-A244-30A8-986B-D53DA35BB206}.RelWithDebInfo|x64.ActiveCfg = RelWithDebInfo|x64
		{1BF9DAA9-A244-30A8-986B-D53DA35BB206}.RelWithDebInfo|x64.Build.0 = RelWithDebInfo|x64
		{44CD06F7-5D23-38AB-9004-0D537637334F}.Debug|x64.ActiveCfg = Debug|x64
		{44CD06F7-5D23-38AB-9004-0D537637334F}.Debug|x64.Build.0 = Debug|x64
		{44CD06F7-5D23-38AB-9004-0D537637334F}.Release|x64.ActiveCfg = Release|x64
		{44CD06F7-5D23-38AB-9004-0D537637334F}.Release|x64.Build.0 = Release|x64
		{44CD06F7-5D23-38AB-9004-0D537637334F}.MinSizeRel|x64.ActiveCfg = MinSizeRel|x64
		{44CD06F7-5D23-38AB-9004-0D537637334F}.MinSizeRel|x64.Build.0 = MinSizeRel|x64
		{44CD06F7-5D23-38AB-9004-0D537637334F}.RelWithDebInfo|x64.ActiveCfg = RelWithDebInfo|x64
		{44CD06F7-5D23-38AB-9004-0D537637334F}.RelWithDebInfo|x64.Build.0 = RelWithDebInfo|x64
		{FA60DA2D-8C50-3CC2-B85C-18903EF1FB2A}.Debug|x64.ActiveCfg = Debug|x64
		{FA60DA2D-8C50-3CC2-B85C-18903EF1FB2A}.Debug|x64.Build.0 = Debug|x64
		{FA60DA2D-8C50-3CC2-B85C-18903EF1FB2A}.Release|x64.ActiveCfg = Release|x64
		{FA60DA2D-8C50-3CC2-B85C-18903EF1FB2A}.Release|x64.Build.0 = Release|x64
		{FA60DA2D-8C50-3CC2-B85C-18903EF1FB2A}.MinSizeRel|x64.ActiveCfg = MinSizeRel|x64
		{FA60DA2D-8C50-3CC2-B85C-18903EF1FB2A}.MinSizeRel|x64.Build.0 = MinSizeRel|x64
		{FA60DA2D-8C50-3CC2-B85C-18903EF1FB2A}.RelWithDebInfo|x64.ActiveCfg = RelWithDebInfo|x64
		{FA60DA2D-8C50-3CC2-B85C-18903EF1FB2A}.RelWithDebInfo|x64.Build.0 = RelWithDebInfo|x64
		{9B6A050C-9CB7-3A13-8A56-A39B6C9F2480}.Debug|x64.ActiveCfg = Debug|x64
		{9B6A050C-9CB7-3A13-8A56-A39B6C9F2480}.Debug|x64.Build.0 = Debug|x64
		{9B6A050C-9CB7-3A13-8A56-A39B6C9F2480}.Release|x64.ActiveCfg = Release|x64
		{9B6A050C-9CB7-3A13-8A56-A39B6C9F2480}.Release|x64.Build.0 = Release|x64
		{9B6A050C-9CB7-3A13-8A56-A39B6C9F2480}.MinSizeRel|x64.ActiveCfg = MinSizeRel|x64
		{9B6A050C-9CB7-3A13-8A56-A39B6C9F2480}.MinSizeRel|x64.Build.0 = MinSizeRel|x64
		{9B6A050C-9CB7-3A13-8A56-A39B6C9F2480}.RelWithDebInfo|x64.ActiveCfg = RelWithDebInfo|x64
		{9B6A050C-9CB7-3A13-8A56-A39B6C9F2480}.RelWithDebInfo|x64.Build.0 = RelWithDebInfo|x64
		{81B8F854-FA8F-3A7D-A1C0-5053E4A6F240}.Debug|x64.ActiveCfg = Debug|x64
		{81B8F854-FA8F-3A7D-A1C0-5053E4A6F240}.Debug|x64.Build.0 = Debug|x64
		{81B8F854-FA8F-3A7D-A1C0-5053E4A6F240}.Release|x64.ActiveCfg = Release|x64
		{81B8F854-FA8F-3A7D-A1C0-5053E4A6F240}.Release|x64.Build.0 = Release|x64
		{81B8F854-FA8F-3A7D-A1C0-5053E4A6F240}.MinSizeRel|x64.ActiveCfg = MinSizeRel|x64
		{81B8F854-FA8F-3A7D-A1C0-5053E4A6F240}.MinSizeRel|x64.Build.0 = MinSizeRel|x64
		{81B8F854-FA8F-3A7D-A1C0-5053E4A6F240}.RelWithDebInfo|x64.ActiveCfg = RelWithDebInfo|x64
		{81B8F854-FA8F-3A7D-A1C0-5053E4A6F240}.RelWithDebInfo|x64.Build.0 = RelWithDebInfo|x64
		{86BB0475-C414-3B7A-BD4E-476B5ADD235E}.Debug|x64.ActiveCfg = Debug|x64
		{86BB0475-C414-3B7A-BD4E-476B5ADD235E}.Debug|x64.Build.0 = Debug|x64
		{86BB0475-C414-3B7A-BD4E-476B5ADD235E}.Release|x64.ActiveCfg = Release|x64
		{86BB0475-C414-3B7A-BD4E-476B5ADD235E}.Release|x64.Build.0 = Release|x64
		{86BB0475-C414-3B7A-BD4E-476B5ADD235E}.MinSizeRel|x64.ActiveCfg = MinSizeRel|x64
		{86BB0475-C414-3B7A-BD4E-476B5ADD235E}.MinSizeRel|x64.Build.0 = MinSizeRel|x64
		{86BB0475-C414-3B7A-BD4E-476B5ADD235E}.RelWithDebInfo|x64.ActiveCfg = RelWithDebInfo|x64
		{86BB0475-C414-3B7A-BD4E-476B5ADD235E}.RelWithDebInfo|x64.Build.0 = RelWithDebInfo|x64
		{51DE4087-EE1E-3471-95B0-DD19AC53D80C}.Debug|x64.ActiveCfg = Debug|x64
		{51DE4087-EE1E-3471-95B0-DD19AC53D80C}.Debug|x64.Build.0 = Debug|x64
		{51DE4087-EE1E-3471-95B0-DD19AC53D80C}.Release|x64.ActiveCfg = Release|x64
		{51DE4087-EE1E-3471-95B0-DD19AC53D80C}.Release|x64.Build.0 = Release|x64
		{51DE4087-EE1E-3471-95B0-DD19AC53D80C}.MinSizeRel|x64.ActiveCfg = MinSizeRel|x64
		{51DE4087-EE1E-3471-95B0-DD19AC53D80C}.MinSizeRel|x64.Build.0 = MinSizeRel|x64
		{51DE4087-EE1E-3471-95B0-DD19AC53D80C}.RelWithDebInfo|x64.ActiveCfg = RelWithDebInfo|x64
		{51DE4087-EE1E-3471-95B0-DD19AC53D80C}.RelWithDebInfo|x64.Build.0 = RelWithDebInfo|x64
		{5C06BB44-4D09-36FA-A9E4-8A3C6C090FB0}.Debug|x64.ActiveCfg = Debug|x64
		{5C06BB44-4D09-36FA-A9E4-8A3C6C090FB0}.Debug|x64.Build.0 = Debug|x64
		{5C06BB44-4D09-36FA-A9E4-8A3C6C090FB0}.Release|x64.ActiveCfg = Release|x64
		{5C06BB44-4D09-36FA-A9E4-8A3C6C090FB0}.Release|x64.Build.0 = Release|x64
		{5C06BB44-4D09-36FA-A9E4-8A3C6C090FB0}.MinSizeRel|x64.ActiveCfg = MinSizeRel|x64
		{5C06BB44-4D09-36FA-A9E4-8A3C6C090FB0}.MinSizeRel|x64.Build.0 = MinSizeRel|x64
		{5C06BB44-4D09-36FA-A9E4-8A3C6C090FB0}.RelWithDebInfo|x64.ActiveCfg = RelWithDebInfo|x64
		{5C06BB44-4D09-36FA-A9E4-8A3C6C090FB0}.RelWithDebInfo|x64.Build.0 = RelWithDebInfo|x64
		{3C0A25E2-D7EA-3219-B18B-8F61A731ACA8}.Debug|x64.ActiveCfg = Debug|x64
		{3C0A25E2-D7EA-3219-B18B-8F61A731ACA8}.Debug|x64.Build.0 = Debug|x64
		{3C0A25E2-D7EA-3219-B18B-8F61A731ACA8}.Release|x64.ActiveCfg = Release|x64
		{3C0A25E2-D7EA-3219-B18B-8F61A731ACA8}.Release|x64.Build.0 = Release|x64
		{3C0A25E2-D7EA-3219-B18B-8F61A731ACA8}.MinSizeRel|x64.ActiveCfg = MinSizeRel|x64
		{3C0A25E2-D7EA-3219-B18B-8F61A731ACA8}.MinSizeRel|x64.Build.0 = MinSizeRel|x64
		{3C0A25E2-D7EA-3219-B18B-8F61A731ACA8}.RelWithDebInfo|x64.ActiveCfg = RelWithDebInfo|x64
		{3C0A25E2-D7EA-3219-B18B-8F61A731ACA8}.RelWithDebInfo|x64.Build.0 = RelWithDebInfo|x64
		{AEED33C1-8A7D-34F6-B529-C6F199793EBB}.Debug|x64.ActiveCfg = Debug|x64
		{AEED33C1-8A7D-34F6-B529-C6F199793EBB}.Debug|x64.Build.0 = Debug|x64
		{AEED33C1-8A7D-34F6-B529-C6F199793EBB}.Release|x64.ActiveCfg = Release|x64
		{AEED33C1-8A7D-34F6-B529-C6F199793EBB}.Release|x64.Build.0 = Release|x64
		{AEED33C1-8A7D-34F6-B529-C6F199793EBB}.MinSizeRel|x64.ActiveCfg = MinSizeRel|x64
		{AEED33C1-8A7D-34F6-B529-C6F199793EBB}.MinSizeRel|x64.Build.0 = MinSizeRel|x64
		{AEED33C1-8A7D-34F6-B529-C6F199793EBB}.RelWithDebInfo|x64.ActiveCfg = RelWithDebInfo|x64
		{AEED33C1-8A7D-34F6-B529-C6F199793EBB}.RelWithDebInfo|x64.Build.0 = RelWithDebInfo|x64
		{2A319583-C850-3769-8F23-7AAFFC4A3ED1}.Debug|x64.ActiveCfg = Debug|x64
		{2A319583-C850-3769-8F23-7AAFFC4A3ED1}.Debug|x64.Build.0 = Debug|x64
		{2A319583-C850-3769-8F23-7AAFFC4A3ED1}.Release|x64.ActiveCfg = Release|x64
		{2A319583-C850-3769-8F23-7AAFFC4A3ED1}.Release|x64.Build.0 = Release|x64
		{2A319583-C850-3769-8F23-7AAFFC4A3ED1}.MinSizeRel|x64.ActiveCfg = MinSizeRel|x64
		{2A319583-C850-3769-8F23-7AAFFC4A3ED1}.MinSizeRel|x64.Build.0 = MinSizeRel|x64
		{2A319583-C850-3769-8F23-7AAFFC4A3ED1}.RelWithDebInfo|x64.ActiveCfg = RelWithDebInfo|x64
		{2A319583-C850-3769-8F23-7AAFFC4A3ED1}.RelWithDebInfo|x64.Build.0 = RelWithDebInfo|x64
		{1F7AB375-6D4E-33C7-A78A-D5F373058BEC}.Debug|x64.ActiveCfg = Debug|x64
		{1F7AB375-6D4E-33C7-A78A-D5F373058BEC}.Debug|x64.Build.0 = Debug|x64
		{1F7AB375-6D4E-33C7-A78A-D5F373058BEC}.Release|x64.ActiveCfg = Release|x64
		{1F7AB375-6D4E-33C7-A78A-D5F373058BEC}.Release|x64.Build.0 = Release|x64
		{1F7AB375-6D4E-33C7-A78A-D5F373058BEC}.MinSizeRel|x64.ActiveCfg = MinSizeRel|x64
		{1F7AB375-6D4E-33C7-A78A-D5F373058BEC}.MinSizeRel|x64.Build.0 = MinSizeRel|x64
		{1F7AB375-6D4E-33C7-A78A-D5F373058BEC}.RelWithDebInfo|x64.ActiveCfg = RelWithDebInfo|x64
		{1F7AB375-6D4E-33C7-A78A-D5F373058BEC}.RelWithDebInfo|x64.Build.0 = RelWithDebInfo|x64
		{F73C4AC2-4483-3524-A5BF-0DF29120C4E9}.Debug|x64.ActiveCfg = Debug|x64
		{F73C4AC2-4483-3524-A5BF-0DF29120C4E9}.Debug|x64.Build.0 = Debug|x64
		{F73C4AC2-4483-3524-A5BF-0DF29120C4E9}.Release|x64.ActiveCfg = Release|x64
		{F73C4AC2-4483-3524-A5BF-0DF29120C4E9}.Release|x64.Build.0 = Release|x64
		{F73C4AC2-4483-3524-A5BF-0DF29120C4E9}.MinSizeRel|x64.ActiveCfg = MinSizeRel|x64
		{F73C4AC2-4483-3524-A5BF-0DF29120C4E9}.MinSizeRel|x64.Build.0 = MinSizeRel|x64
		{F73C4AC2-4483-3524-A5BF-0DF29120C4E9}.RelWithDebInfo|x64.ActiveCfg = RelWithDebInfo|x64
		{F73C4AC2-4483-3524-A5BF-0DF29120C4E9}.RelWithDebInfo|x64.Build.0 = RelWithDebInfo|x64
		{CD0214E1-A6B6-37C2-8EC2-5A88EB6BF456}.Debug|x64.ActiveCfg = Debug|x64
		{CD0214E1-A6B6-37C2-8EC2-5A88EB6BF456}.Debug|x64.Build.0 = Debug|x64
		{CD0214E1-A6B6-37C2-8EC2-5A88EB6BF456}.Release|x64.ActiveCfg = Release|x64
		{CD0214E1-A6B6-37C2-8EC2-5A88EB6BF456}.Release|x64.Build.0 = Release|x64
		{CD0214E1-A6B6-37C2-8EC2-5A88EB6BF456}.MinSizeRel|x64.ActiveCfg = MinSizeRel|x64
		{CD0214E1-A6B6-37C2-8EC2-5A88EB6BF456}.MinSizeRel|x64.Build.0 = MinSizeRel|x64
		{CD0214E1-A6B6-37C2-8EC2-5A88EB6BF456}.RelWithDebInfo|x64.ActiveCfg = RelWithDebInfo|x64
		{CD0214E1-A6B6-37C2-8EC2-5A88EB6BF456}.RelWithDebInfo|x64.Build.0 = RelWithDebInfo|x64
		{CB6AF90E-5F98-3CD4-B94F-D0AE1BD8F819}.Debug|x64.ActiveCfg = Debug|x64
		{CB6AF90E-5F98-3CD4-B94F-D0AE1BD8F819}.Debug|x64.Build.0 = Debug|x64
		{CB6AF90E-5F98-3CD4-B94F-D0AE1BD8F819}.Release|x64.ActiveCfg = Release|x64
		{CB6AF90E-5F98-3CD4-B94F-D0AE1BD8F819}.Release|x64.Build.0 = Release|x64
		{CB6AF90E-5F98-3CD4-B94F-D0AE1BD8F819}.MinSizeRel|x64.ActiveCfg = MinSizeRel|x64
		{CB6AF90E-5F98-3CD4-B94F-D0AE1BD8F819}.MinSizeRel|x64.Build.0 = MinSizeRel|x64
		{CB6AF90E-5F98-3CD4-B94F-D0AE1BD8F819}.RelWithDebInfo|x64.ActiveCfg = RelWithDebInfo|x64
		{CB6AF90E-5F98-3CD4-B94F-D0AE1BD8F819}.RelWithDebInfo|x64.Build.0 = RelWithDebInfo|x64
		{E255385D-ACF0-3486-BDD9-7D31A379B074}.Debug|x64.ActiveCfg = Debug|x64
		{E255385D-ACF0-3486-BDD9-7D31A379B074}.Debug|x64.Build.0 = Debug|x64
		{E255385D-ACF0-3486-BDD9-7D31A379B074}.Release|x64.ActiveCfg = Release|x64
		{E255385D-ACF0-3486-BDD9-7D31A379B074}.Release|x64.Build.0 = Release|x64
		{E255385D-ACF0-3486-BDD9-7D31A379B074}.MinSizeRel|x64.ActiveCfg = MinSizeRel|x64
		{E255385D-ACF0-3486-BDD9-7D31A379B074}.MinSizeRel|x64.Build.0 = MinSizeRel|x64
		{E255385D-ACF0-3486-BDD9-7D31A379B074}.RelWithDebInfo|x64.ActiveCfg = RelWithDebInfo|x64
		{E255385D-ACF0-3486-BDD9-7D31A379B074}.RelWithDebInfo|x64.Build.0 = RelWithDebInfo|x64
		{ACE4FB4A-D706-3205-8410-3736A1A46A69}.Debug|x64.ActiveCfg = Debug|x64
		{ACE4FB4A-D706-3205-8410-3736A1A46A69}.Debug|x64.Build.0 = Debug|x64
		{ACE4FB4A-D706-3205-8410-3736A1A46A69}.Release|x64.ActiveCfg = Release|x64
		{ACE4FB4A-D706-3205-8410-3736A1A46A69}.Release|x64.Build.0 = Release|x64
		{ACE4FB4A-D706-3205-8410-3736A1A46A69}.MinSizeRel|x64.ActiveCfg = MinSizeRel|x64
		{ACE4FB4A-D706-3205-8410-3736A1A46A69}.MinSizeRel|x64.Build.0 = MinSizeRel|x64
		{ACE4FB4A-D706-3205-8410-3736A1A46A69}.RelWithDebInfo|x64.ActiveCfg = RelWithDebInfo|x64
		{ACE4FB4A-D706-3205-8410-3736A1A46A69}.RelWithDebInfo|x64.Build.0 = RelWithDebInfo|x64
		{2BCB7421-3497-30FB-B847-4173A2978339}.Debug|x64.ActiveCfg = Debug|x64
		{2BCB7421-3497-30FB-B847-4173A2978339}.Release|x64.ActiveCfg = Release|x64
		{2BCB7421-3497-30FB-B847-4173A2978339}.MinSizeRel|x64.ActiveCfg = MinSizeRel|x64
		{2BCB7421-3497-30FB-B847-4173A2978339}.RelWithDebInfo|x64.ActiveCfg = RelWithDebInfo|x64
		{5E84632D-EB2E-34E8-83E1-1C2A21B1BA2C}.Debug|x64.ActiveCfg = Debug|x64
		{5E84632D-EB2E-34E8-83E1-1C2A21B1BA2C}.Debug|x64.Build.0 = Debug|x64
		{5E84632D-EB2E-34E8-83E1-1C2A21B1BA2C}.Release|x64.ActiveCfg = Release|x64
		{5E84632D-EB2E-34E8-83E1-1C2A21B1BA2C}.Release|x64.Build.0 = Release|x64
		{5E84632D-EB2E-34E8-83E1-1C2A21B1BA2C}.MinSizeRel|x64.ActiveCfg = MinSizeRel|x64
		{5E84632D-EB2E-34E8-83E1-1C2A21B1BA2C}.MinSizeRel|x64.Build.0 = MinSizeRel|x64
		{5E84632D-EB2E-34E8-83E1-1C2A21B1BA2C}.RelWithDebInfo|x64.ActiveCfg = RelWithDebInfo|x64
		{5E84632D-EB2E-34E8-83E1-1C2A21B1BA2C}.RelWithDebInfo|x64.Build.0 = RelWithDebInfo|x64
		{E3EE5EC9-F302-3D04-8801-0B93BCB3706D}.Debug|x64.ActiveCfg = Debug|x64
		{E3EE5EC9-F302-3D04-8801-0B93BCB3706D}.Debug|x64.Build.0 = Debug|x64
		{E3EE5EC9-F302-3D04-8801-0B93BCB3706D}.Release|x64.ActiveCfg = Release|x64
		{E3EE5EC9-F302-3D04-8801-0B93BCB3706D}.Release|x64.Build.0 = Release|x64
		{E3EE5EC9-F302-3D04-8801-0B93BCB3706D}.MinSizeRel|x64.ActiveCfg = MinSizeRel|x64
		{E3EE5EC9-F302-3D04-8801-0B93BCB3706D}.MinSizeRel|x64.Build.0 = MinSizeRel|x64
		{E3EE5EC9-F302-3D04-8801-0B93BCB3706D}.RelWithDebInfo|x64.ActiveCfg = RelWithDebInfo|x64
		{E3EE5EC9-F302-3D04-8801-0B93BCB3706D}.RelWithDebInfo|x64.Build.0 = RelWithDebInfo|x64
		{82F52DFF-A255-3267-B20C-BE131488AC4E}.Debug|x64.ActiveCfg = Debug|x64
		{82F52DFF-A255-3267-B20C-BE131488AC4E}.Debug|x64.Build.0 = Debug|x64
		{82F52DFF-A255-3267-B20C-BE131488AC4E}.Release|x64.ActiveCfg = Release|x64
		{82F52DFF-A255-3267-B20C-BE131488AC4E}.Release|x64.Build.0 = Release|x64
		{82F52DFF-A255-3267-B20C-BE131488AC4E}.MinSizeRel|x64.ActiveCfg = MinSizeRel|x64
		{82F52DFF-A255-3267-B20C-BE131488AC4E}.MinSizeRel|x64.Build.0 = MinSizeRel|x64
		{82F52DFF-A255-3267-B20C-BE131488AC4E}.RelWithDebInfo|x64.ActiveCfg = RelWithDebInfo|x64
		{82F52DFF-A255-3267-B20C-BE131488AC4E}.RelWithDebInfo|x64.Build.0 = RelWithDebInfo|x64
		{71A5DCD3-A06F-3B5D-90DE-047416A7B828}.Debug|x64.ActiveCfg = Debug|x64
		{71A5DCD3-A06F-3B5D-90DE-047416A7B828}.Debug|x64.Build.0 = Debug|x64
		{71A5DCD3-A06F-3B5D-90DE-047416A7B828}.Release|x64.ActiveCfg = Release|x64
		{71A5DCD3-A06F-3B5D-90DE-047416A7B828}.Release|x64.Build.0 = Release|x64
		{71A5DCD3-A06F-3B5D-90DE-047416A7B828}.MinSizeRel|x64.ActiveCfg = MinSizeRel|x64
		{71A5DCD3-A06F-3B5D-90DE-047416A7B828}.MinSizeRel|x64.Build.0 = MinSizeRel|x64
		{71A5DCD3-A06F-3B5D-90DE-047416A7B828}.RelWithDebInfo|x64.ActiveCfg = RelWithDebInfo|x64
		{71A5DCD3-A06F-3B5D-90DE-047416A7B828}.RelWithDebInfo|x64.Build.0 = RelWithDebInfo|x64
		{D8FC6D62-35CB-3E8A-B8A5-3E9A7ACBD032}.Debug|x64.ActiveCfg = Debug|x64
		{D8FC6D62-35CB-3E8A-B8A5-3E9A7ACBD032}.Debug|x64.Build.0 = Debug|x64
		{D8FC6D62-35CB-3E8A-B8A5-3E9A7ACBD032}.Release|x64.ActiveCfg = Release|x64
		{D8FC6D62-35CB-3E8A-B8A5-3E9A7ACBD032}.Release|x64.Build.0 = Release|x64
		{D8FC6D62-35CB-3E8A-B8A5-3E9A7ACBD032}.MinSizeRel|x64.ActiveCfg = MinSizeRel|x64
		{D8FC6D62-35CB-3E8A-B8A5-3E9A7ACBD032}.MinSizeRel|x64.Build.0 = MinSizeRel|x64
		{D8FC6D62-35CB-3E8A-B8A5-3E9A7ACBD032}.RelWithDebInfo|x64.ActiveCfg = RelWithDebInfo|x64
		{D8FC6D62-35CB-3E8A-B8A5-3E9A7ACBD032}.RelWithDebInfo|x64.Build.0 = RelWithDebInfo|x64
		{E729165B-2516-3B58-B7A1-67812B75B421}.Debug|x64.ActiveCfg = Debug|x64
		{E729165B-2516-3B58-B7A1-67812B75B421}.Debug|x64.Build.0 = Debug|x64
		{E729165B-2516-3B58-B7A1-67812B75B421}.Release|x64.ActiveCfg = Release|x64
		{E729165B-2516-3B58-B7A1-67812B75B421}.Release|x64.Build.0 = Release|x64
		{E729165B-2516-3B58-B7A1-67812B75B421}.MinSizeRel|x64.ActiveCfg = MinSizeRel|x64
		{E729165B-2516-3B58-B7A1-67812B75B421}.MinSizeRel|x64.Build.0 = MinSizeRel|x64
		{E729165B-2516-3B58-B7A1-67812B75B421}.RelWithDebInfo|x64.ActiveCfg = RelWithDebInfo|x64
		{E729165B-2516-3B58-B7A1-67812B75B421}.RelWithDebInfo|x64.Build.0 = RelWithDebInfo|x64
		{2236CA91-9335-3D96-A05C-35AC3515E99A}.Debug|x64.ActiveCfg = Debug|x64
		{2236CA91-9335-3D96-A05C-35AC3515E99A}.Debug|x64.Build.0 = Debug|x64
		{2236CA91-9335-3D96-A05C-35AC3515E99A}.Release|x64.ActiveCfg = Release|x64
		{2236CA91-9335-3D96-A05C-35AC3515E99A}.Release|x64.Build.0 = Release|x64
		{2236CA91-9335-3D96-A05C-35AC3515E99A}.MinSizeRel|x64.ActiveCfg = MinSizeRel|x64
		{2236CA91-9335-3D96-A05C-35AC3515E99A}.MinSizeRel|x64.Build.0 = MinSizeRel|x64
		{2236CA91-9335-3D96-A05C-35AC3515E99A}.RelWithDebInfo|x64.ActiveCfg = RelWithDebInfo|x64
		{2236CA91-9335-3D96-A05C-35AC3515E99A}.RelWithDebInfo|x64.Build.0 = RelWithDebInfo|x64
		{9CFBB7CC-030C-3A89-B160-9F957B50F877}.Debug|x64.ActiveCfg = Debug|x64
		{9CFBB7CC-030C-3A89-B160-9F957B50F877}.Debug|x64.Build.0 = Debug|x64
		{9CFBB7CC-030C-3A89-B160-9F957B50F877}.Release|x64.ActiveCfg = Release|x64
		{9CFBB7CC-030C-3A89-B160-9F957B50F877}.Release|x64.Build.0 = Release|x64
		{9CFBB7CC-030C-3A89-B160-9F957B50F877}.MinSizeRel|x64.ActiveCfg = MinSizeRel|x64
		{9CFBB7CC-030C-3A89-B160-9F957B50F877}.MinSizeRel|x64.Build.0 = MinSizeRel|x64
		{9CFBB7CC-030C-3A89-B160-9F957B50F877}.RelWithDebInfo|x64.ActiveCfg = RelWithDebInfo|x64
		{9CFBB7CC-030C-3A89-B160-9F957B50F877}.RelWithDebInfo|x64.Build.0 = RelWithDebInfo|x64
	EndGlobalSection
	GlobalSection(NestedProjects) = preSolution
		{6E8419F4-BD29-3424-9261-72A7A9EF705C} = {2911E211-1D88-373A-8DD6-EB408B82DA65}
		{CD796A72-F5E9-3629-BB2C-FC7D8EEB59B5} = {2911E211-1D88-373A-8DD6-EB408B82DA65}
		{77493CB8-EE94-3542-9959-7D1B44D28CEB} = {2911E211-1D88-373A-8DD6-EB408B82DA65}
		{CB958611-13CD-3324-AA2E-494782BF7300} = {2911E211-1D88-373A-8DD6-EB408B82DA65}
		{ABC4A9C4-D253-3DA5-AB24-4E5C6DE3817C} = {F797C074-5056-3E45-ADF9-72B50EAE4733}
		{8404174F-010C-3003-95CA-69DE75225C6B} = {F797C074-5056-3E45-ADF9-72B50EAE4733}
		{CE6FD9FE-2E49-39B7-90B1-41311DF8E42A} = {F797C074-5056-3E45-ADF9-72B50EAE4733}
		{F16B87E3-6F45-3C7E-B5BD-34034046061B} = {F797C074-5056-3E45-ADF9-72B50EAE4733}
		{53FE38DC-DD83-390E-94A7-D202D4CF73A8} = {58137153-F2D2-3D38-BC19-21254D5CEEEC}
		{E3EE5EC9-F302-3D04-8801-0B93BCB3706D} = {58137153-F2D2-3D38-BC19-21254D5CEEEC}
		{E729165B-2516-3B58-B7A1-67812B75B421} = {58137153-F2D2-3D38-BC19-21254D5CEEEC}
		{C51944CC-CA15-3549-B650-5FEB4C68940B} = {1BEE1251-7DD3-396C-BE2D-2BB0924BC4F0}
	EndGlobalSection
	GlobalSection(ExtensibilityGlobals) = postSolution
		SolutionGuid = {7EEEF732-168C-3C01-ADA1-43E1E9B4C752}
	EndGlobalSection
	GlobalSection(ExtensibilityAddIns) = postSolution
	EndGlobalSection
EndGlobal
