<?xml version="1.0" encoding="utf-8"?>
<Project ToolsVersion="17.0" xmlns="http://schemas.microsoft.com/developer/msbuild/2003">
  <ItemGroup>
    <ClCompile Include="C:\code\s1\azure-iot-sdk-c-pr2720-clean\serializer\tests\multitree_ut\multitree_ut.cpp">
      <Filter>Source Files</Filter>
    </ClCompile>
    <ClCompile Include="C:\code\s1\azure-iot-sdk-c-pr2720-clean\serializer\src\multitree.c">
      <Filter>Source Files</Filter>
    </ClCompile>
    <ClCompile Include="C:\code\s1\azure-iot-sdk-c-pr2720-clean\c-utility\src\crt_abstractions.c">
      <Filter>Source Files</Filter>
    </ClCompile>
    <ClCompile Include="C:\code\s1\azure-iot-sdk-c-pr2720-clean\serializer\tests\multitree_ut\main.c">
      <Filter>Source Files</Filter>
    </ClCompile>
    <ClCompile Include="C:\code\s1\azure-iot-sdk-c-pr2720-clean\c-utility\src\xlogging.c">
      <Filter>Source Files</Filter>
    </ClCompile>
    <ClCompile Include="C:\code\s1\azure-iot-sdk-c-pr2720-clean\c-utility\src\consolelogger.c">
      <Filter>Source Files</Filter>
    </ClCompile>
  </ItemGroup>
  <ItemGroup>
    <CustomBuild Include="C:\code\s1\azure-iot-sdk-c-pr2720-clean\serializer\tests\multitree_ut\CMakeLists.txt" />
  </ItemGroup>
  <ItemGroup>
    <Filter Include="Source Files">
      <UniqueIdentifier>{94766580-D8F2-3496-A687-57026FBD9E8A}</UniqueIdentifier>
    </Filter>
  </ItemGroup>
</Project>
