<?xml version="1.0" encoding="utf-8"?>
<Project ToolsVersion="17.0" xmlns="http://schemas.microsoft.com/developer/msbuild/2003">
  <ItemGroup>
    <ClCompile Include="C:\code\s1\azure-iot-sdk-c-pr2720-clean\c-utility\testtools\micromock\src\micromockcharstararenullterminatedstrings.cpp">
      <Filter>Source Files</Filter>
    </ClCompile>
    <ClCompile Include="C:\code\s1\azure-iot-sdk-c-pr2720-clean\c-utility\testtools\micromock\src\micromockexception.cpp">
      <Filter>Source Files</Filter>
    </ClCompile>
    <ClCompile Include="C:\code\s1\azure-iot-sdk-c-pr2720-clean\c-utility\testtools\micromock\src\micromocktestmutex.cpp">
      <Filter>Source Files</Filter>
    </ClCompile>
    <ClCompile Include="C:\code\s1\azure-iot-sdk-c-pr2720-clean\c-utility\testtools\micromock\src\mockcallrecorder.cpp">
      <Filter>Source Files</Filter>
    </ClCompile>
    <ClCompile Include="C:\code\s1\azure-iot-sdk-c-pr2720-clean\c-utility\testtools\micromock\src\mockmethodcallbase.cpp">
      <Filter>Source Files</Filter>
    </ClCompile>
    <ClCompile Include="C:\code\s1\azure-iot-sdk-c-pr2720-clean\c-utility\testtools\micromock\src\mockvaluebase.cpp">
      <Filter>Source Files</Filter>
    </ClCompile>
    <ClCompile Include="C:\code\s1\azure-iot-sdk-c-pr2720-clean\c-utility\testtools\micromock\src\timediscretemicromock.cpp">
      <Filter>Source Files</Filter>
    </ClCompile>
  </ItemGroup>
  <ItemGroup>
    <ClInclude Include="C:\code\s1\azure-iot-sdk-c-pr2720-clean\c-utility\testtools\micromock\inc\globalmock.h">
      <Filter>Header Files</Filter>
    </ClInclude>
    <ClInclude Include="C:\code\s1\azure-iot-sdk-c-pr2720-clean\c-utility\testtools\micromock\inc\micromock.h">
      <Filter>Header Files</Filter>
    </ClInclude>
    <ClInclude Include="C:\code\s1\azure-iot-sdk-c-pr2720-clean\c-utility\testtools\micromock\inc\micromockcallmacros.h">
      <Filter>Header Files</Filter>
    </ClInclude>
    <ClInclude Include="C:\code\s1\azure-iot-sdk-c-pr2720-clean\c-utility\testtools\micromock\inc\micromockcharstararenullterminatedstrings.h">
      <Filter>Header Files</Filter>
    </ClInclude>
    <ClInclude Include="C:\code\s1\azure-iot-sdk-c-pr2720-clean\c-utility\testtools\micromock\inc\micromockcommon.h">
      <Filter>Header Files</Filter>
    </ClInclude>
    <ClInclude Include="C:\code\s1\azure-iot-sdk-c-pr2720-clean\c-utility\testtools\micromock\inc\micromockenumtostring.h">
      <Filter>Header Files</Filter>
    </ClInclude>
    <ClInclude Include="C:\code\s1\azure-iot-sdk-c-pr2720-clean\c-utility\testtools\micromock\inc\micromockexception.h">
      <Filter>Header Files</Filter>
    </ClInclude>
    <ClInclude Include="C:\code\s1\azure-iot-sdk-c-pr2720-clean\c-utility\testtools\micromock\inc\micromocktestmutex.h">
      <Filter>Header Files</Filter>
    </ClInclude>
    <ClInclude Include="C:\code\s1\azure-iot-sdk-c-pr2720-clean\c-utility\testtools\micromock\inc\micromocktestrunnerhooks.h">
      <Filter>Header Files</Filter>
    </ClInclude>
    <ClInclude Include="C:\code\s1\azure-iot-sdk-c-pr2720-clean\c-utility\testtools\micromock\inc\mock.h">
      <Filter>Header Files</Filter>
    </ClInclude>
    <ClInclude Include="C:\code\s1\azure-iot-sdk-c-pr2720-clean\c-utility\testtools\micromock\inc\mockcallargument.h">
      <Filter>Header Files</Filter>
    </ClInclude>
    <ClInclude Include="C:\code\s1\azure-iot-sdk-c-pr2720-clean\c-utility\testtools\micromock\inc\mockcallargumentbase.h">
      <Filter>Header Files</Filter>
    </ClInclude>
    <ClInclude Include="C:\code\s1\azure-iot-sdk-c-pr2720-clean\c-utility\testtools\micromock\inc\mockcallcomparer.h">
      <Filter>Header Files</Filter>
    </ClInclude>
    <ClInclude Include="C:\code\s1\azure-iot-sdk-c-pr2720-clean\c-utility\testtools\micromock\inc\mockcallrecorder.h">
      <Filter>Header Files</Filter>
    </ClInclude>
    <ClInclude Include="C:\code\s1\azure-iot-sdk-c-pr2720-clean\c-utility\testtools\micromock\inc\mockmethodcall.h">
      <Filter>Header Files</Filter>
    </ClInclude>
    <ClInclude Include="C:\code\s1\azure-iot-sdk-c-pr2720-clean\c-utility\testtools\micromock\inc\mockmethodcallbase.h">
      <Filter>Header Files</Filter>
    </ClInclude>
    <ClInclude Include="C:\code\s1\azure-iot-sdk-c-pr2720-clean\c-utility\testtools\micromock\inc\mockresultvalue.h">
      <Filter>Header Files</Filter>
    </ClInclude>
    <ClInclude Include="C:\code\s1\azure-iot-sdk-c-pr2720-clean\c-utility\testtools\micromock\inc\mockvalue.h">
      <Filter>Header Files</Filter>
    </ClInclude>
    <ClInclude Include="C:\code\s1\azure-iot-sdk-c-pr2720-clean\c-utility\testtools\micromock\inc\mockvaluebase.h">
      <Filter>Header Files</Filter>
    </ClInclude>
    <ClInclude Include="C:\code\s1\azure-iot-sdk-c-pr2720-clean\c-utility\testtools\micromock\inc\nicecallcomparer.h">
      <Filter>Header Files</Filter>
    </ClInclude>
    <ClInclude Include="C:\code\s1\azure-iot-sdk-c-pr2720-clean\c-utility\testtools\micromock\inc\runtimemock.h">
      <Filter>Header Files</Filter>
    </ClInclude>
    <ClInclude Include="C:\code\s1\azure-iot-sdk-c-pr2720-clean\c-utility\testtools\micromock\inc\stdafx.h">
      <Filter>Header Files</Filter>
    </ClInclude>
    <ClInclude Include="C:\code\s1\azure-iot-sdk-c-pr2720-clean\c-utility\testtools\micromock\inc\strictorderedcallcomparer.h">
      <Filter>Header Files</Filter>
    </ClInclude>
    <ClInclude Include="C:\code\s1\azure-iot-sdk-c-pr2720-clean\c-utility\testtools\micromock\inc\strictunorderedcallcomparer.h">
      <Filter>Header Files</Filter>
    </ClInclude>
    <ClInclude Include="C:\code\s1\azure-iot-sdk-c-pr2720-clean\c-utility\testtools\micromock\inc\targetver.h">
      <Filter>Header Files</Filter>
    </ClInclude>
    <ClInclude Include="C:\code\s1\azure-iot-sdk-c-pr2720-clean\c-utility\testtools\micromock\inc\threadsafeglobalmock.h">
      <Filter>Header Files</Filter>
    </ClInclude>
    <ClInclude Include="C:\code\s1\azure-iot-sdk-c-pr2720-clean\c-utility\testtools\micromock\inc\timediscretemicromock.h">
      <Filter>Header Files</Filter>
    </ClInclude>
    <ClInclude Include="C:\code\s1\azure-iot-sdk-c-pr2720-clean\c-utility\testtools\micromock\inc\timediscretemicromockcallmacros.h">
      <Filter>Header Files</Filter>
    </ClInclude>
  </ItemGroup>
  <ItemGroup>
    <CustomBuild Include="C:\code\s1\azure-iot-sdk-c-pr2720-clean\c-utility\testtools\micromock\CMakeLists.txt" />
  </ItemGroup>
  <ItemGroup>
    <Filter Include="Header Files">
      <UniqueIdentifier>{B58347A8-DF1D-36F6-88EF-90E4FD3C64EF}</UniqueIdentifier>
    </Filter>
    <Filter Include="Source Files">
      <UniqueIdentifier>{C8C0ADAC-18DB-3626-B4E0-3B9D2923ABBC}</UniqueIdentifier>
    </Filter>
  </ItemGroup>
</Project>
