<?xml version="1.0" encoding="utf-8"?>
<Project ToolsVersion="17.0" xmlns="http://schemas.microsoft.com/developer/msbuild/2003">
  <ItemGroup>
    <ClCompile Include="C:\code\s3\azure-iot-sdk-c\c-utility\src\azure_base32.c">
      <Filter>Source Files</Filter>
    </ClCompile>
    <ClCompile Include="C:\code\s3\azure-iot-sdk-c\c-utility\src\azure_base64.c">
      <Filter>Source Files</Filter>
    </ClCompile>
    <ClCompile Include="C:\code\s3\azure-iot-sdk-c\c-utility\src\buffer.c">
      <Filter>Source Files</Filter>
    </ClCompile>
    <ClCompile Include="C:\code\s3\azure-iot-sdk-c\c-utility\src\constbuffer_array.c">
      <Filter>Source Files</Filter>
    </ClCompile>
    <ClCompile Include="C:\code\s3\azure-iot-sdk-c\c-utility\src\constbuffer_array_batcher.c">
      <Filter>Source Files</Filter>
    </ClCompile>
    <ClCompile Include="C:\code\s3\azure-iot-sdk-c\c-utility\src\connection_string_parser.c">
      <Filter>Source Files</Filter>
    </ClCompile>
    <ClCompile Include="C:\code\s3\azure-iot-sdk-c\c-utility\src\constbuffer.c">
      <Filter>Source Files</Filter>
    </ClCompile>
    <ClCompile Include="C:\code\s3\azure-iot-sdk-c\c-utility\src\consolelogger.c">
      <Filter>Source Files</Filter>
    </ClCompile>
    <ClCompile Include="C:\code\s3\azure-iot-sdk-c\c-utility\src\crt_abstractions.c">
      <Filter>Source Files</Filter>
    </ClCompile>
    <ClCompile Include="C:\code\s3\azure-iot-sdk-c\c-utility\src\constmap.c">
      <Filter>Source Files</Filter>
    </ClCompile>
    <ClCompile Include="C:\code\s3\azure-iot-sdk-c\c-utility\src\doublylinkedlist.c">
      <Filter>Source Files</Filter>
    </ClCompile>
    <ClCompile Include="C:\code\s3\azure-iot-sdk-c\c-utility\src\gballoc.c">
      <Filter>Source Files</Filter>
    </ClCompile>
    <ClCompile Include="C:\code\s3\azure-iot-sdk-c\c-utility\src\gbnetwork.c">
      <Filter>Source Files</Filter>
    </ClCompile>
    <ClCompile Include="C:\code\s3\azure-iot-sdk-c\c-utility\src\gb_stdio.c">
      <Filter>Source Files</Filter>
    </ClCompile>
    <ClCompile Include="C:\code\s3\azure-iot-sdk-c\c-utility\src\gb_time.c">
      <Filter>Source Files</Filter>
    </ClCompile>
    <ClCompile Include="C:\code\s3\azure-iot-sdk-c\c-utility\src\hmac.c">
      <Filter>Source Files</Filter>
    </ClCompile>
    <ClCompile Include="C:\code\s3\azure-iot-sdk-c\c-utility\src\hmacsha256.c">
      <Filter>Source Files</Filter>
    </ClCompile>
    <ClCompile Include="C:\code\s3\azure-iot-sdk-c\c-utility\src\xio.c">
      <Filter>Source Files</Filter>
    </ClCompile>
    <ClCompile Include="C:\code\s3\azure-iot-sdk-c\c-utility\src\singlylinkedlist.c">
      <Filter>Source Files</Filter>
    </ClCompile>
    <ClCompile Include="C:\code\s3\azure-iot-sdk-c\c-utility\src\map.c">
      <Filter>Source Files</Filter>
    </ClCompile>
    <ClCompile Include="C:\code\s3\azure-iot-sdk-c\c-utility\src\sastoken.c">
      <Filter>Source Files</Filter>
    </ClCompile>
    <ClCompile Include="C:\code\s3\azure-iot-sdk-c\c-utility\src\sha1.c">
      <Filter>Source Files</Filter>
    </ClCompile>
    <ClCompile Include="C:\code\s3\azure-iot-sdk-c\c-utility\src\sha224.c">
      <Filter>Source Files</Filter>
    </ClCompile>
    <ClCompile Include="C:\code\s3\azure-iot-sdk-c\c-utility\src\sha384-512.c">
      <Filter>Source Files</Filter>
    </ClCompile>
    <ClCompile Include="C:\code\s3\azure-iot-sdk-c\c-utility\src\strings.c">
      <Filter>Source Files</Filter>
    </ClCompile>
    <ClCompile Include="C:\code\s3\azure-iot-sdk-c\c-utility\src\string_token.c">
      <Filter>Source Files</Filter>
    </ClCompile>
    <ClCompile Include="C:\code\s3\azure-iot-sdk-c\c-utility\src\string_tokenizer.c">
      <Filter>Source Files</Filter>
    </ClCompile>
    <ClCompile Include="C:\code\s3\azure-iot-sdk-c\c-utility\src\uuid.c">
      <Filter>Source Files</Filter>
    </ClCompile>
    <ClCompile Include="C:\code\s3\azure-iot-sdk-c\c-utility\src\urlencode.c">
      <Filter>Source Files</Filter>
    </ClCompile>
    <ClCompile Include="C:\code\s3\azure-iot-sdk-c\c-utility\src\usha.c">
      <Filter>Source Files</Filter>
    </ClCompile>
    <ClCompile Include="C:\code\s3\azure-iot-sdk-c\c-utility\src\vector.c">
      <Filter>Source Files</Filter>
    </ClCompile>
    <ClCompile Include="C:\code\s3\azure-iot-sdk-c\c-utility\src\xlogging.c">
      <Filter>Source Files</Filter>
    </ClCompile>
    <ClCompile Include="C:\code\s3\azure-iot-sdk-c\c-utility\src\optionhandler.c">
      <Filter>Source Files</Filter>
    </ClCompile>
    <ClCompile Include="C:\code\s3\azure-iot-sdk-c\c-utility\src\memory_data.c">
      <Filter>Source Files</Filter>
    </ClCompile>
    <ClCompile Include="C:\code\s3\azure-iot-sdk-c\c-utility\adapters\agenttime.c">
      <Filter>Source Files</Filter>
    </ClCompile>
    <ClCompile Include="C:\code\s3\azure-iot-sdk-c\c-utility\adapters\condition_win32.c">
      <Filter>Source Files</Filter>
    </ClCompile>
    <ClCompile Include="C:\code\s3\azure-iot-sdk-c\c-utility\adapters\lock_win32.c">
      <Filter>Source Files</Filter>
    </ClCompile>
    <ClCompile Include="C:\code\s3\azure-iot-sdk-c\c-utility\adapters\srw_lock.c">
      <Filter>Source Files</Filter>
    </ClCompile>
    <ClCompile Include="C:\code\s3\azure-iot-sdk-c\c-utility\adapters\timer.c">
      <Filter>Source Files</Filter>
    </ClCompile>
    <ClCompile Include="C:\code\s3\azure-iot-sdk-c\c-utility\adapters\random_stub.c">
      <Filter>Source Files</Filter>
    </ClCompile>
    <ClCompile Include="C:\code\s3\azure-iot-sdk-c\c-utility\adapters\string_utils.c">
      <Filter>Source Files</Filter>
    </ClCompile>
    <ClCompile Include="C:\code\s3\azure-iot-sdk-c\c-utility\adapters\platform_win32.c">
      <Filter>Source Files</Filter>
    </ClCompile>
    <ClCompile Include="C:\code\s3\azure-iot-sdk-c\c-utility\adapters\socketio_win32.c">
      <Filter>Source Files</Filter>
    </ClCompile>
    <ClCompile Include="C:\code\s3\azure-iot-sdk-c\c-utility\adapters\tickcounter_win32.c">
      <Filter>Source Files</Filter>
    </ClCompile>
    <ClCompile Include="C:\code\s3\azure-iot-sdk-c\c-utility\adapters\threadapi_win32.c">
      <Filter>Source Files</Filter>
    </ClCompile>
    <ClCompile Include="C:\code\s3\azure-iot-sdk-c\c-utility\adapters\uniqueid_win32.c">
      <Filter>Source Files</Filter>
    </ClCompile>
    <ClCompile Include="C:\code\s3\azure-iot-sdk-c\c-utility\adapters\envvariable.c">
      <Filter>Source Files</Filter>
    </ClCompile>
    <ClCompile Include="C:\code\s3\azure-iot-sdk-c\c-utility\src\dns_resolver_sync.c">
      <Filter>Source Files</Filter>
    </ClCompile>
    <ClCompile Include="C:\code\s3\azure-iot-sdk-c\c-utility\src\httpapiex.c">
      <Filter>Source Files</Filter>
    </ClCompile>
    <ClCompile Include="C:\code\s3\azure-iot-sdk-c\c-utility\src\httpapiexsas.c">
      <Filter>Source Files</Filter>
    </ClCompile>
    <ClCompile Include="C:\code\s3\azure-iot-sdk-c\c-utility\src\httpheaders.c">
      <Filter>Source Files</Filter>
    </ClCompile>
    <ClCompile Include="C:\code\s3\azure-iot-sdk-c\c-utility\adapters\httpapi_winhttp.c">
      <Filter>Source Files</Filter>
    </ClCompile>
    <ClCompile Include="C:\code\s3\azure-iot-sdk-c\c-utility\adapters\tlsio_schannel.c">
      <Filter>Source Files</Filter>
    </ClCompile>
    <ClCompile Include="C:\code\s3\azure-iot-sdk-c\c-utility\adapters\x509_schannel.c">
      <Filter>Source Files</Filter>
    </ClCompile>
    <ClCompile Include="C:\code\s3\azure-iot-sdk-c\c-utility\src\http_proxy_io.c">
      <Filter>Source Files</Filter>
    </ClCompile>
    <ClCompile Include="C:\code\s3\azure-iot-sdk-c\c-utility\src\wsio.c">
      <Filter>Source Files</Filter>
    </ClCompile>
    <ClCompile Include="C:\code\s3\azure-iot-sdk-c\c-utility\src\uws_client.c">
      <Filter>Source Files</Filter>
    </ClCompile>
    <ClCompile Include="C:\code\s3\azure-iot-sdk-c\c-utility\src\uws_frame_encoder.c">
      <Filter>Source Files</Filter>
    </ClCompile>
    <ClCompile Include="C:\code\s3\azure-iot-sdk-c\c-utility\src\utf8_checker.c">
      <Filter>Source Files</Filter>
    </ClCompile>
    <ClCompile Include="C:\code\s3\azure-iot-sdk-c\c-utility\src\ws_url.c">
      <Filter>Source Files</Filter>
    </ClCompile>
  </ItemGroup>
  <ItemGroup>
    <ClInclude Include="C:\code\s3\azure-iot-sdk-c\c-utility\inc\azure_c_shared_utility\agenttime.h">
      <Filter>Header Files</Filter>
    </ClInclude>
    <ClInclude Include="C:\code\s3\azure-iot-sdk-c\c-utility\inc\azure_c_shared_utility\azure_base32.h">
      <Filter>Header Files</Filter>
    </ClInclude>
    <ClInclude Include="C:\code\s3\azure-iot-sdk-c\c-utility\inc\azure_c_shared_utility\azure_base64.h">
      <Filter>Header Files</Filter>
    </ClInclude>
    <ClInclude Include="C:\code\s3\azure-iot-sdk-c\c-utility\inc\azure_c_shared_utility\buffer_.h">
      <Filter>Header Files</Filter>
    </ClInclude>
    <ClInclude Include="C:\code\s3\azure-iot-sdk-c\c-utility\inc\azure_c_shared_utility\constbuffer_array.h">
      <Filter>Header Files</Filter>
    </ClInclude>
    <ClInclude Include="C:\code\s3\azure-iot-sdk-c\c-utility\inc\azure_c_shared_utility\constbuffer_array_batcher.h">
      <Filter>Header Files</Filter>
    </ClInclude>
    <ClInclude Include="C:\code\s3\azure-iot-sdk-c\c-utility\inc\azure_c_shared_utility\connection_string_parser.h">
      <Filter>Header Files</Filter>
    </ClInclude>
    <ClInclude Include="C:\code\s3\azure-iot-sdk-c\c-utility\inc\azure_c_shared_utility\crt_abstractions.h">
      <Filter>Header Files</Filter>
    </ClInclude>
    <ClInclude Include="C:\code\s3\azure-iot-sdk-c\c-utility\inc\azure_c_shared_utility\constmap.h">
      <Filter>Header Files</Filter>
    </ClInclude>
    <ClInclude Include="C:\code\s3\azure-iot-sdk-c\c-utility\inc\azure_c_shared_utility\condition.h">
      <Filter>Header Files</Filter>
    </ClInclude>
    <ClInclude Include="C:\code\s3\azure-iot-sdk-c\c-utility\inc\azure_c_shared_utility\const_defines.h">
      <Filter>Header Files</Filter>
    </ClInclude>
    <ClInclude Include="C:\code\s3\azure-iot-sdk-c\c-utility\inc\azure_c_shared_utility\consolelogger.h">
      <Filter>Header Files</Filter>
    </ClInclude>
    <ClInclude Include="C:\code\s3\azure-iot-sdk-c\c-utility\inc\azure_c_shared_utility\doublylinkedlist.h">
      <Filter>Header Files</Filter>
    </ClInclude>
    <ClInclude Include="C:\code\s3\azure-iot-sdk-c\c-utility\inc\azure_c_shared_utility\envvariable.h">
      <Filter>Header Files</Filter>
    </ClInclude>
    <ClInclude Include="C:\code\s3\azure-iot-sdk-c\c-utility\inc\azure_c_shared_utility\gballoc.h">
      <Filter>Header Files</Filter>
    </ClInclude>
    <ClInclude Include="C:\code\s3\azure-iot-sdk-c\c-utility\inc\azure_c_shared_utility\gbnetwork.h">
      <Filter>Header Files</Filter>
    </ClInclude>
    <ClInclude Include="C:\code\s3\azure-iot-sdk-c\c-utility\inc\azure_c_shared_utility\gb_stdio.h">
      <Filter>Header Files</Filter>
    </ClInclude>
    <ClInclude Include="C:\code\s3\azure-iot-sdk-c\c-utility\inc\azure_c_shared_utility\gb_time.h">
      <Filter>Header Files</Filter>
    </ClInclude>
    <ClInclude Include="C:\code\s3\azure-iot-sdk-c\c-utility\inc\azure_c_shared_utility\hmac.h">
      <Filter>Header Files</Filter>
    </ClInclude>
    <ClInclude Include="C:\code\s3\azure-iot-sdk-c\c-utility\inc\azure_c_shared_utility\hmacsha256.h">
      <Filter>Header Files</Filter>
    </ClInclude>
    <ClInclude Include="C:\code\s3\azure-iot-sdk-c\c-utility\inc\azure_c_shared_utility\http_proxy_io.h">
      <Filter>Header Files</Filter>
    </ClInclude>
    <ClInclude Include="C:\code\s3\azure-iot-sdk-c\c-utility\inc\azure_c_shared_utility\singlylinkedlist.h">
      <Filter>Header Files</Filter>
    </ClInclude>
    <ClInclude Include="C:\code\s3\azure-iot-sdk-c\c-utility\inc\azure_c_shared_utility\lock.h">
      <Filter>Header Files</Filter>
    </ClInclude>
    <ClInclude Include="C:\code\s3\azure-iot-sdk-c\c-utility\inc\azure_c_shared_utility\map.h">
      <Filter>Header Files</Filter>
    </ClInclude>
    <ClInclude Include="C:\code\s3\azure-iot-sdk-c\c-utility\inc\azure_c_shared_utility\optimize_size.h">
      <Filter>Header Files</Filter>
    </ClInclude>
    <ClInclude Include="C:\code\s3\azure-iot-sdk-c\c-utility\inc\azure_c_shared_utility\platform.h">
      <Filter>Header Files</Filter>
    </ClInclude>
    <ClInclude Include="C:\code\s3\azure-iot-sdk-c\c-utility\inc\azure_c_shared_utility\refcount.h">
      <Filter>Header Files</Filter>
    </ClInclude>
    <ClInclude Include="C:\code\s3\azure-iot-sdk-c\c-utility\inc\azure_c_shared_utility\sastoken.h">
      <Filter>Header Files</Filter>
    </ClInclude>
    <ClInclude Include="C:\code\s3\azure-iot-sdk-c\c-utility\inc\azure_c_shared_utility\sha-private.h">
      <Filter>Header Files</Filter>
    </ClInclude>
    <ClInclude Include="C:\code\s3\azure-iot-sdk-c\c-utility\inc\azure_c_shared_utility\shared_util_options.h">
      <Filter>Header Files</Filter>
    </ClInclude>
    <ClInclude Include="C:\code\s3\azure-iot-sdk-c\c-utility\inc\azure_c_shared_utility\sha.h">
      <Filter>Header Files</Filter>
    </ClInclude>
    <ClInclude Include="C:\code\s3\azure-iot-sdk-c\c-utility\inc\azure_c_shared_utility\socketio.h">
      <Filter>Header Files</Filter>
    </ClInclude>
    <ClInclude Include="C:\code\s3\azure-iot-sdk-c\c-utility\inc\azure_c_shared_utility\srw_lock.h">
      <Filter>Header Files</Filter>
    </ClInclude>
    <ClInclude Include="C:\code\s3\azure-iot-sdk-c\c-utility\inc\azure_c_shared_utility\stdint_ce6.h">
      <Filter>Header Files</Filter>
    </ClInclude>
    <ClInclude Include="C:\code\s3\azure-iot-sdk-c\c-utility\inc\azure_c_shared_utility\strings.h">
      <Filter>Header Files</Filter>
    </ClInclude>
    <ClInclude Include="C:\code\s3\azure-iot-sdk-c\c-utility\inc\azure_c_shared_utility\strings_types.h">
      <Filter>Header Files</Filter>
    </ClInclude>
    <ClInclude Include="C:\code\s3\azure-iot-sdk-c\c-utility\inc\azure_c_shared_utility\string_token.h">
      <Filter>Header Files</Filter>
    </ClInclude>
    <ClInclude Include="C:\code\s3\azure-iot-sdk-c\c-utility\inc\azure_c_shared_utility\string_tokenizer.h">
      <Filter>Header Files</Filter>
    </ClInclude>
    <ClInclude Include="C:\code\s3\azure-iot-sdk-c\c-utility\inc\azure_c_shared_utility\string_tokenizer_types.h">
      <Filter>Header Files</Filter>
    </ClInclude>
    <ClInclude Include="C:\code\s3\azure-iot-sdk-c\c-utility\inc\azure_c_shared_utility\string_utils.h">
      <Filter>Header Files</Filter>
    </ClInclude>
    <ClInclude Include="C:\code\s3\azure-iot-sdk-c\c-utility\inc\azure_c_shared_utility\tlsio_options.h">
      <Filter>Header Files</Filter>
    </ClInclude>
    <ClInclude Include="C:\code\s3\azure-iot-sdk-c\c-utility\inc\azure_c_shared_utility\tickcounter.h">
      <Filter>Header Files</Filter>
    </ClInclude>
    <ClInclude Include="C:\code\s3\azure-iot-sdk-c\c-utility\inc\azure_c_shared_utility\threadapi.h">
      <Filter>Header Files</Filter>
    </ClInclude>
    <ClInclude Include="C:\code\s3\azure-iot-sdk-c\c-utility\inc\azure_c_shared_utility\xio.h">
      <Filter>Header Files</Filter>
    </ClInclude>
    <ClInclude Include="C:\code\s3\azure-iot-sdk-c\c-utility\inc\azure_c_shared_utility\uniqueid.h">
      <Filter>Header Files</Filter>
    </ClInclude>
    <ClInclude Include="C:\code\s3\azure-iot-sdk-c\c-utility\inc\azure_c_shared_utility\uuid.h">
      <Filter>Header Files</Filter>
    </ClInclude>
    <ClInclude Include="C:\code\s3\azure-iot-sdk-c\c-utility\inc\azure_c_shared_utility\urlencode.h">
      <Filter>Header Files</Filter>
    </ClInclude>
    <ClInclude Include="C:\code\s3\azure-iot-sdk-c\c-utility\inc\azure_c_shared_utility\vector.h">
      <Filter>Header Files</Filter>
    </ClInclude>
    <ClInclude Include="C:\code\s3\azure-iot-sdk-c\c-utility\inc\azure_c_shared_utility\vector_types.h">
      <Filter>Header Files</Filter>
    </ClInclude>
    <ClInclude Include="C:\code\s3\azure-iot-sdk-c\c-utility\inc\azure_c_shared_utility\vector_types_internal.h">
      <Filter>Header Files</Filter>
    </ClInclude>
    <ClInclude Include="C:\code\s3\azure-iot-sdk-c\c-utility\inc\azure_c_shared_utility\xlogging.h">
      <Filter>Header Files</Filter>
    </ClInclude>
    <ClInclude Include="C:\code\s3\azure-iot-sdk-c\c-utility\inc\azure_c_shared_utility\constbuffer.h">
      <Filter>Header Files</Filter>
    </ClInclude>
    <ClInclude Include="C:\code\s3\azure-iot-sdk-c\c-utility\inc\azure_c_shared_utility\tlsio.h">
      <Filter>Header Files</Filter>
    </ClInclude>
    <ClInclude Include="C:\code\s3\azure-iot-sdk-c\c-utility\inc\azure_c_shared_utility\optionhandler.h">
      <Filter>Header Files</Filter>
    </ClInclude>
    <ClInclude Include="C:\code\s3\azure-iot-sdk-c\c-utility\inc\azure_c_shared_utility\memory_data.h">
      <Filter>Header Files</Filter>
    </ClInclude>
    <ClInclude Include="C:\code\s3\azure-iot-sdk-c\c-utility\inc\azure_c_shared_utility\safe_math.h">
      <Filter>Header Files</Filter>
    </ClInclude>
    <ClInclude Include="C:\code\s3\azure-iot-sdk-c\c-utility\inc\azure_c_shared_utility\wsio.h">
      <Filter>Header Files</Filter>
    </ClInclude>
    <ClInclude Include="C:\code\s3\azure-iot-sdk-c\c-utility\inc\azure_c_shared_utility\uws_client.h">
      <Filter>Header Files</Filter>
    </ClInclude>
    <ClInclude Include="C:\code\s3\azure-iot-sdk-c\c-utility\inc\azure_c_shared_utility\uws_frame_encoder.h">
      <Filter>Header Files</Filter>
    </ClInclude>
    <ClInclude Include="C:\code\s3\azure-iot-sdk-c\c-utility\inc\azure_c_shared_utility\utf8_checker.h">
      <Filter>Header Files</Filter>
    </ClInclude>
    <ClInclude Include="C:\code\s3\azure-iot-sdk-c\c-utility\inc\azure_c_shared_utility\ws_url.h">
      <Filter>Header Files</Filter>
    </ClInclude>
    <ClInclude Include="C:\code\s3\azure-iot-sdk-c\c-utility\inc\azure_c_shared_utility\httpapi.h">
      <Filter>Header Files</Filter>
    </ClInclude>
    <ClInclude Include="C:\code\s3\azure-iot-sdk-c\c-utility\inc\azure_c_shared_utility\httpapiex.h">
      <Filter>Header Files</Filter>
    </ClInclude>
    <ClInclude Include="C:\code\s3\azure-iot-sdk-c\c-utility\inc\azure_c_shared_utility\httpapiexsas.h">
      <Filter>Header Files</Filter>
    </ClInclude>
    <ClInclude Include="C:\code\s3\azure-iot-sdk-c\c-utility\inc\azure_c_shared_utility\httpheaders.h">
      <Filter>Header Files</Filter>
    </ClInclude>
    <ClInclude Include="C:\code\s3\azure-iot-sdk-c\c-utility\inc\azure_c_shared_utility\tlsio_schannel.h">
      <Filter>Header Files</Filter>
    </ClInclude>
    <ClInclude Include="C:\code\s3\azure-iot-sdk-c\c-utility\inc\azure_c_shared_utility\x509_schannel.h">
      <Filter>Header Files</Filter>
    </ClInclude>
  </ItemGroup>
  <ItemGroup>
    <CustomBuild Include="C:\code\s3\azure-iot-sdk-c\c-utility\CMakeLists.txt" />
  </ItemGroup>
  <ItemGroup>
    <None Include="C:\code\s3\azure-iot-sdk-c\c-utility\devdoc\agenttime_requirements.md">
      <Filter>devdoc</Filter>
    </None>
    <None Include="C:\code\s3\azure-iot-sdk-c\c-utility\devdoc\azure_base64_requirements.md">
      <Filter>devdoc</Filter>
    </None>
    <None Include="C:\code\s3\azure-iot-sdk-c\c-utility\devdoc\base32_requirements.md">
      <Filter>devdoc</Filter>
    </None>
    <None Include="C:\code\s3\azure-iot-sdk-c\c-utility\devdoc\buffer_requirements.md">
      <Filter>devdoc</Filter>
    </None>
    <None Include="C:\code\s3\azure-iot-sdk-c\c-utility\devdoc\condition_requirements.md">
      <Filter>devdoc</Filter>
    </None>
    <None Include="C:\code\s3\azure-iot-sdk-c\c-utility\devdoc\connectionstringparser_requirements.md">
      <Filter>devdoc</Filter>
    </None>
    <None Include="C:\code\s3\azure-iot-sdk-c\c-utility\devdoc\constbuffer_array_batcher_requirements.md">
      <Filter>devdoc</Filter>
    </None>
    <None Include="C:\code\s3\azure-iot-sdk-c\c-utility\devdoc\constbuffer_array_requirements.md">
      <Filter>devdoc</Filter>
    </None>
    <None Include="C:\code\s3\azure-iot-sdk-c\c-utility\devdoc\constbuffer_requirements.md">
      <Filter>devdoc</Filter>
    </None>
    <None Include="C:\code\s3\azure-iot-sdk-c\c-utility\devdoc\constmap_requirements.md">
      <Filter>devdoc</Filter>
    </None>
    <None Include="C:\code\s3\azure-iot-sdk-c\c-utility\devdoc\crt_abstraction_requirements.md">
      <Filter>devdoc</Filter>
    </None>
    <None Include="C:\code\s3\azure-iot-sdk-c\c-utility\devdoc\dns_async.md">
      <Filter>devdoc</Filter>
    </None>
    <None Include="C:\code\s3\azure-iot-sdk-c\c-utility\devdoc\doublylinkedlist_requirements.md">
      <Filter>devdoc</Filter>
    </None>
    <None Include="C:\code\s3\azure-iot-sdk-c\c-utility\devdoc\gballoc_requirements.md">
      <Filter>devdoc</Filter>
    </None>
    <None Include="C:\code\s3\azure-iot-sdk-c\c-utility\devdoc\http_proxy_io_requirements.md">
      <Filter>devdoc</Filter>
    </None>
    <None Include="C:\code\s3\azure-iot-sdk-c\c-utility\devdoc\httpapi_compact_requirements.md">
      <Filter>devdoc</Filter>
    </None>
    <None Include="C:\code\s3\azure-iot-sdk-c\c-utility\devdoc\httpapiex_requirements.md">
      <Filter>devdoc</Filter>
    </None>
    <None Include="C:\code\s3\azure-iot-sdk-c\c-utility\devdoc\httpapiexsas_requirements.md">
      <Filter>devdoc</Filter>
    </None>
    <None Include="C:\code\s3\azure-iot-sdk-c\c-utility\devdoc\httpheaders_requirements.md">
      <Filter>devdoc</Filter>
    </None>
    <None Include="C:\code\s3\azure-iot-sdk-c\c-utility\devdoc\lock_requirements.md">
      <Filter>devdoc</Filter>
    </None>
    <None Include="C:\code\s3\azure-iot-sdk-c\c-utility\devdoc\map_requirements.md">
      <Filter>devdoc</Filter>
    </None>
    <None Include="C:\code\s3\azure-iot-sdk-c\c-utility\devdoc\memory_data_requirements.md">
      <Filter>devdoc</Filter>
    </None>
    <None Include="C:\code\s3\azure-iot-sdk-c\c-utility\devdoc\optionhandler_requirements.md">
      <Filter>devdoc</Filter>
    </None>
    <None Include="C:\code\s3\azure-iot-sdk-c\c-utility\devdoc\platform_requirements.md">
      <Filter>devdoc</Filter>
    </None>
    <None Include="C:\code\s3\azure-iot-sdk-c\c-utility\devdoc\porting_guide.md">
      <Filter>devdoc</Filter>
    </None>
    <None Include="C:\code\s3\azure-iot-sdk-c\c-utility\devdoc\refcount_requirements.md">
      <Filter>devdoc</Filter>
    </None>
    <None Include="C:\code\s3\azure-iot-sdk-c\c-utility\devdoc\sastoken_requirements.md">
      <Filter>devdoc</Filter>
    </None>
    <None Include="C:\code\s3\azure-iot-sdk-c\c-utility\devdoc\singlylinkedlist_requirements.md">
      <Filter>devdoc</Filter>
    </None>
    <None Include="C:\code\s3\azure-iot-sdk-c\c-utility\devdoc\sntp_lwip_requirements.md">
      <Filter>devdoc</Filter>
    </None>
    <None Include="C:\code\s3\azure-iot-sdk-c\c-utility\devdoc\socket_async.md">
      <Filter>devdoc</Filter>
    </None>
    <None Include="C:\code\s3\azure-iot-sdk-c\c-utility\devdoc\srw_lock_requirements.md">
      <Filter>devdoc</Filter>
    </None>
    <None Include="C:\code\s3\azure-iot-sdk-c\c-utility\devdoc\ssl_socket_compact.md">
      <Filter>devdoc</Filter>
    </None>
    <None Include="C:\code\s3\azure-iot-sdk-c\c-utility\devdoc\string_token_requirements.md">
      <Filter>devdoc</Filter>
    </None>
    <None Include="C:\code\s3\azure-iot-sdk-c\c-utility\devdoc\string_tokenizer_requirements.md">
      <Filter>devdoc</Filter>
    </None>
    <None Include="C:\code\s3\azure-iot-sdk-c\c-utility\devdoc\strings_requirements.md">
      <Filter>devdoc</Filter>
    </None>
    <None Include="C:\code\s3\azure-iot-sdk-c\c-utility\devdoc\template_requirements.md">
      <Filter>devdoc</Filter>
    </None>
    <None Include="C:\code\s3\azure-iot-sdk-c\c-utility\devdoc\threadapi_and_sleep_requirements.md">
      <Filter>devdoc</Filter>
    </None>
    <None Include="C:\code\s3\azure-iot-sdk-c\c-utility\devdoc\threadapi_freertos_requirements.md">
      <Filter>devdoc</Filter>
    </None>
    <None Include="C:\code\s3\azure-iot-sdk-c\c-utility\devdoc\tickcounter_freertos_requirement.md">
      <Filter>devdoc</Filter>
    </None>
    <None Include="C:\code\s3\azure-iot-sdk-c\c-utility\devdoc\tlsio_cyclonessl_requirements.md">
      <Filter>devdoc</Filter>
    </None>
    <None Include="C:\code\s3\azure-iot-sdk-c\c-utility\devdoc\tlsio_cyclonessl_socket_bsd_requirements.md">
      <Filter>devdoc</Filter>
    </None>
    <None Include="C:\code\s3\azure-iot-sdk-c\c-utility\devdoc\tlsio_cyclonessl_socket_requirements.md">
      <Filter>devdoc</Filter>
    </None>
    <None Include="C:\code\s3\azure-iot-sdk-c\c-utility\devdoc\tlsio_requirements.md">
      <Filter>devdoc</Filter>
    </None>
    <None Include="C:\code\s3\azure-iot-sdk-c\c-utility\devdoc\tlsio_ssl_esp8266.md">
      <Filter>devdoc</Filter>
    </None>
    <None Include="C:\code\s3\azure-iot-sdk-c\c-utility\devdoc\uniqueid_requirements.md">
      <Filter>devdoc</Filter>
    </None>
    <None Include="C:\code\s3\azure-iot-sdk-c\c-utility\devdoc\url_encode_requirements.md">
      <Filter>devdoc</Filter>
    </None>
    <None Include="C:\code\s3\azure-iot-sdk-c\c-utility\devdoc\utf8_checker_requirements.md">
      <Filter>devdoc</Filter>
    </None>
    <None Include="C:\code\s3\azure-iot-sdk-c\c-utility\devdoc\uuid_requirements.md">
      <Filter>devdoc</Filter>
    </None>
    <None Include="C:\code\s3\azure-iot-sdk-c\c-utility\devdoc\uws_client_requirements.md">
      <Filter>devdoc</Filter>
    </None>
    <None Include="C:\code\s3\azure-iot-sdk-c\c-utility\devdoc\uws_frame_encoder_requirements.md">
      <Filter>devdoc</Filter>
    </None>
    <None Include="C:\code\s3\azure-iot-sdk-c\c-utility\devdoc\vector_requirements.md">
      <Filter>devdoc</Filter>
    </None>
    <None Include="C:\code\s3\azure-iot-sdk-c\c-utility\devdoc\ws_url_requirements.md">
      <Filter>devdoc</Filter>
    </None>
    <None Include="C:\code\s3\azure-iot-sdk-c\c-utility\devdoc\wsio_requirements.md">
      <Filter>devdoc</Filter>
    </None>
    <None Include="C:\code\s3\azure-iot-sdk-c\c-utility\devdoc\x509_openssl.md">
      <Filter>devdoc</Filter>
    </None>
    <None Include="C:\code\s3\azure-iot-sdk-c\c-utility\devdoc\x509_schannel.md">
      <Filter>devdoc</Filter>
    </None>
    <None Include="C:\code\s3\azure-iot-sdk-c\c-utility\devdoc\xio_requirements.md">
      <Filter>devdoc</Filter>
    </None>
  </ItemGroup>
  <ItemGroup>
    <Filter Include="Header Files">
      <UniqueIdentifier>{2382409B-4D0D-3D6E-AEFD-097BC53EC9BE}</UniqueIdentifier>
    </Filter>
    <Filter Include="Source Files">
      <UniqueIdentifier>{3C833C84-7A41-3681-A271-9BA143EF3CCA}</UniqueIdentifier>
    </Filter>
    <Filter Include="devdoc">
      <UniqueIdentifier>{528503B5-F9C2-3B8C-BDF2-0F7158378088}</UniqueIdentifier>
    </Filter>
  </ItemGroup>
</Project>
