<?xml version="1.0" encoding="utf-8"?>
<Project ToolsVersion="17.0" xmlns="http://schemas.microsoft.com/developer/msbuild/2003">
  <ItemGroup>
    <ClCompile Include="C:\code\s1\azure-iot-sdk-c-pr2720-clean\provisioning_client\src\prov_transport_http_client.c">
      <Filter>Source Files</Filter>
    </ClCompile>
  </ItemGroup>
  <ItemGroup>
    <ClInclude Include="C:\code\s1\azure-iot-sdk-c-pr2720-clean\provisioning_client\inc\azure_prov_client\prov_transport.h">
      <Filter>Header Files</Filter>
    </ClInclude>
    <ClInclude Include="C:\code\s1\azure-iot-sdk-c-pr2720-clean\provisioning_client\inc\azure_prov_client\internal\prov_transport_private.h">
      <Filter>Header Files</Filter>
    </ClInclude>
    <ClInclude Include="C:\code\s1\azure-iot-sdk-c-pr2720-clean\provisioning_client\inc\azure_prov_client\prov_transport_http_client.h">
      <Filter>Header Files</Filter>
    </ClInclude>
  </ItemGroup>
  <ItemGroup>
    <CustomBuild Include="C:\code\s1\azure-iot-sdk-c-pr2720-clean\provisioning_client\CMakeLists.txt" />
  </ItemGroup>
  <ItemGroup>
    <Filter Include="Header Files">
      <UniqueIdentifier>{DB9FB9A1-4109-3E3C-8BC3-C315E714134B}</UniqueIdentifier>
    </Filter>
    <Filter Include="Source Files">
      <UniqueIdentifier>{94766580-D8F2-3496-A687-57026FBD9E8A}</UniqueIdentifier>
    </Filter>
  </ItemGroup>
</Project>
