
Microsoft Visual Studio Solution File, Format Version 12.00
# Visual Studio 14
VisualStudioVersion = 14.0.23107.0
MinimumVisualStudioVersion = 10.0.40219.1
Project("{FADA70B4-5829-43C6-B358-C207AE652F46}") = "iothub_ll_c2d_sample", "iothub_ll_c2d_sample.vcxproj", "{3A45A99C-FA83-45D7-803E-5947B28E9182}"
EndProject
Global
	GlobalSection(SolutionConfigurationPlatforms) = preSolution
		Debug|Win32 = Debug|Win32
		Debug|x64 = Debug|x64
		Debug|x86 = Debug|x86
		Release|Win32 = Release|Win32
		Release|x64 = Release|x64
		Release|x86 = Release|x86
	EndGlobalSection
	GlobalSection(ProjectConfigurationPlatforms) = postSolution
		{3A45A99C-FA83-45D7-803E-5947B28E9182}.Debug|Win32.ActiveCfg = Debug|Win32
		{3A45A99C-FA83-45D7-803E-5947B28E9182}.Debug|Win32.Build.0 = Debug|Win32
		{3A45A99C-FA83-45D7-803E-5947B28E9182}.Debug|x64.ActiveCfg = Debug|x64
		{3A45A99C-FA83-45D7-803E-5947B28E9182}.Debug|x64.Build.0 = Debug|x64
		{3A45A99C-FA83-45D7-803E-5947B28E9182}.Debug|x86.ActiveCfg = Debug|Win32
		{3A45A99C-FA83-45D7-803E-5947B28E9182}.Debug|x86.Build.0 = Debug|Win32
		{3A45A99C-FA83-45D7-803E-5947B28E9182}.Release|Win32.ActiveCfg = Release|Win32
		{3A45A99C-FA83-45D7-803E-5947B28E9182}.Release|Win32.Build.0 = Release|Win32
		{3A45A99C-FA83-45D7-803E-5947B28E9182}.Release|x64.ActiveCfg = Release|x64
		{3A45A99C-FA83-45D7-803E-5947B28E9182}.Release|x64.Build.0 = Release|x64
		{3A45A99C-FA83-45D7-803E-5947B28E9182}.Release|x86.ActiveCfg = Release|Win32
		{3A45A99C-FA83-45D7-803E-5947B28E9182}.Release|x86.Build.0 = Release|Win32
	EndGlobalSection
	GlobalSection(SolutionProperties) = preSolution
		HideSolutionNode = FALSE
	EndGlobalSection
EndGlobal
