<?xml version="1.0" encoding="utf-8"?>
<Project ToolsVersion="17.0" xmlns="http://schemas.microsoft.com/developer/msbuild/2003">
  <ItemGroup>
    <ClCompile Include="C:\code\s1\azure-iot-sdk-c-pr2720-clean\iothub_client\src\iothub_client_authorization.c">
      <Filter>Source Files</Filter>
    </ClCompile>
    <ClCompile Include="C:\code\s1\azure-iot-sdk-c-pr2720-clean\iothub_client\src\iothub_client_retry_control.c">
      <Filter>Source Files</Filter>
    </ClCompile>
    <ClCompile Include="C:\code\s1\azure-iot-sdk-c-pr2720-clean\iothub_client\src\iothub_transport_ll_private.c">
      <Filter>Source Files</Filter>
    </ClCompile>
    <ClCompile Include="C:\code\s1\azure-iot-sdk-c-pr2720-clean\iothub_client\src\iothubtransporthttp.c">
      <Filter>Source Files</Filter>
    </ClCompile>
  </ItemGroup>
  <ItemGroup>
    <ClInclude Include="C:\code\s1\azure-iot-sdk-c-pr2720-clean\iothub_client\inc\internal\iothub_client_authorization.h">
      <Filter>Header Files</Filter>
    </ClInclude>
    <ClInclude Include="C:\code\s1\azure-iot-sdk-c-pr2720-clean\iothub_client\inc\internal\iothub_client_retry_control.h">
      <Filter>Header Files</Filter>
    </ClInclude>
    <ClInclude Include="C:\code\s1\azure-iot-sdk-c-pr2720-clean\iothub_client\inc\internal\iothub_transport_ll_private.h">
      <Filter>Header Files</Filter>
    </ClInclude>
    <ClInclude Include="C:\code\s1\azure-iot-sdk-c-pr2720-clean\iothub_client\inc\iothubtransporthttp.h">
      <Filter>Header Files</Filter>
    </ClInclude>
    <ClInclude Include="C:\code\s1\azure-iot-sdk-c-pr2720-clean\iothub_client\inc\iothub_transport_ll.h">
      <Filter>Header Files</Filter>
    </ClInclude>
  </ItemGroup>
  <ItemGroup>
    <CustomBuild Include="C:\code\s1\azure-iot-sdk-c-pr2720-clean\iothub_client\CMakeLists.txt" />
  </ItemGroup>
  <ItemGroup>
    <Filter Include="Header Files">
      <UniqueIdentifier>{B58347A8-DF1D-36F6-88EF-90E4FD3C64EF}</UniqueIdentifier>
    </Filter>
    <Filter Include="Source Files">
      <UniqueIdentifier>{C8C0ADAC-18DB-3626-B4E0-3B9D2923ABBC}</UniqueIdentifier>
    </Filter>
  </ItemGroup>
</Project>
