<?xml version="1.0" encoding="utf-8"?>
<Project ToolsVersion="17.0" xmlns="http://schemas.microsoft.com/developer/msbuild/2003">
  <ItemGroup>
    <CustomBuild Include="C:\code\s1\azure-iot-sdk-c-pr2720-clean\build_validation\CMakeFiles\cdc32860fd6ea8044becbc855fc8daf7\RUN_TESTS_force.rule">
      <Filter>CMake Rules</Filter>
    </CustomBuild>
  </ItemGroup>
  <ItemGroup>
    <Filter Include="CMake Rules">
      <UniqueIdentifier>{D373999B-8048-3F65-B402-7FEC4D4094E2}</UniqueIdentifier>
    </Filter>
  </ItemGroup>
</Project>
