<?xml version="1.0" encoding="utf-8"?>
<Project ToolsVersion="17.0" xmlns="http://schemas.microsoft.com/developer/msbuild/2003">
  <ItemGroup>
    <CustomBuild Include="C:\code\s1\azure-iot-sdk-c-pr2720-clean\build_local\CMakeFiles\4ff5a4d0b9f30ab666f7f2cca1b26e95\RUN_TESTS_force.rule">
      <Filter>CMake Rules</Filter>
    </CustomBuild>
  </ItemGroup>
  <ItemGroup>
    <Filter Include="CMake Rules">
      <UniqueIdentifier>{C28F1FEB-601F-33BC-B867-5B449FD4CE98}</UniqueIdentifier>
    </Filter>
  </ItemGroup>
</Project>
