<?xml version="1.0" encoding="utf-8"?>
<Project ToolsVersion="17.0" xmlns="http://schemas.microsoft.com/developer/msbuild/2003">
  <ItemGroup>
    <ClCompile Include="C:\code\s3\azure-iot-sdk-c\provisioning_client\src\prov_auth_client.c">
      <Filter>Source Files</Filter>
    </ClCompile>
    <ClCompile Include="C:\code\s3\azure-iot-sdk-c\provisioning_client\src\prov_security_factory.c">
      <Filter>Source Files</Filter>
    </ClCompile>
    <ClCompile Include="C:\code\s3\azure-iot-sdk-c\provisioning_client\src\iothub_auth_client.c">
      <Filter>Source Files</Filter>
    </ClCompile>
    <ClCompile Include="C:\code\s3\azure-iot-sdk-c\provisioning_client\src\iothub_security_factory.c">
      <Filter>Source Files</Filter>
    </ClCompile>
  </ItemGroup>
  <ItemGroup>
    <ClInclude Include="C:\code\s3\azure-iot-sdk-c\provisioning_client\inc\azure_prov_client\internal\prov_auth_client.h">
      <Filter>Header Files</Filter>
    </ClInclude>
    <ClInclude Include="C:\code\s3\azure-iot-sdk-c\provisioning_client\inc\azure_prov_client\prov_security_factory.h">
      <Filter>Header Files</Filter>
    </ClInclude>
    <ClInclude Include="C:\code\s3\azure-iot-sdk-c\provisioning_client\inc\azure_prov_client\internal\iothub_auth_client.h">
      <Filter>Header Files</Filter>
    </ClInclude>
    <ClInclude Include="C:\code\s3\azure-iot-sdk-c\provisioning_client\inc\azure_prov_client\iothub_security_factory.h">
      <Filter>Header Files</Filter>
    </ClInclude>
  </ItemGroup>
  <ItemGroup>
    <CustomBuild Include="C:\code\s3\azure-iot-sdk-c\provisioning_client\CMakeLists.txt" />
  </ItemGroup>
  <ItemGroup>
    <Filter Include="Header Files">
      <UniqueIdentifier>{2382409B-4D0D-3D6E-AEFD-097BC53EC9BE}</UniqueIdentifier>
    </Filter>
    <Filter Include="Source Files">
      <UniqueIdentifier>{3C833C84-7A41-3681-A271-9BA143EF3CCA}</UniqueIdentifier>
    </Filter>
  </ItemGroup>
</Project>
