
Microsoft Visual Studio Solution File, Format Version 12.00
# Visual Studio Version 17
Project("{2150E333-8FDC-42A3-9474-1A3956D46DE8}") = "CMakePredefinedTargets", "CMakePredefinedTargets", "{2911E211-1D88-373A-8DD6-EB408B82DA65}"
EndProject
Project("{8BC9CEB8-8B4A-11D0-8D11-00A0C91BC942}") = "ALL_BUILD", "ALL_BUILD.vcxproj", "{6E8419F4-BD29-3424-9261-72A7A9EF705C}"
	ProjectSection(ProjectDependencies) = postProject
		{CB958611-13CD-3324-AA2E-494782BF7300} = {CB958611-13CD-3324-AA2E-494782BF7300}
		{2236CA91-9335-3D96-A05C-35AC3515E99A} = {2236CA91-9335-3D96-A05C-35AC3515E99A}
	EndProjectSection
EndProject
Project("{8BC9CEB8-8B4A-11D0-8D11-00A0C91BC942}") = "INSTALL", "INSTALL.vcxproj", "{CD796A72-F5E9-3629-BB2C-FC7D8EEB59B5}"
	ProjectSection(ProjectDependencies) = postProject
		{6E8419F4-BD29-3424-9261-72A7A9EF705C} = {6E8419F4-BD29-3424-9261-72A7A9EF705C}
		{CB958611-13CD-3324-AA2E-494782BF7300} = {CB958611-13CD-3324-AA2E-494782BF7300}
	EndProjectSection
EndProject
Project("{8BC9CEB8-8B4A-11D0-8D11-00A0C91BC942}") = "RUN_TESTS", "RUN_TESTS.vcxproj", "{77493CB8-EE94-3542-9959-7D1B44D28CEB}"
	ProjectSection(ProjectDependencies) = postProject
		{CB958611-13CD-3324-AA2E-494782BF7300} = {CB958611-13CD-3324-AA2E-494782BF7300}
	EndProjectSection
EndProject
Project("{8BC9CEB8-8B4A-11D0-8D11-00A0C91BC942}") = "ZERO_CHECK", "..\\ZERO_CHECK.vcxproj", "{CB958611-13CD-3324-AA2E-494782BF7300}"
	ProjectSection(ProjectDependencies) = postProject
	EndProjectSection
EndProject
Project("{8BC9CEB8-8B4A-11D0-8D11-00A0C91BC942}") = "aziotsharedutil", "..\c-utility\aziotsharedutil.vcxproj", "{71854143-938C-3EE7-9D47-59E7BB1B474E}"
	ProjectSection(ProjectDependencies) = postProject
		{CB958611-13CD-3324-AA2E-494782BF7300} = {CB958611-13CD-3324-AA2E-494782BF7300}
		{51DE4087-EE1E-3471-95B0-DD19AC53D80C} = {51DE4087-EE1E-3471-95B0-DD19AC53D80C}
	EndProjectSection
EndProject
Project("{8BC9CEB8-8B4A-11D0-8D11-00A0C91BC942}") = "macro_utils_c", "..\deps\macro-utils-c\macro_utils_c.vcxproj", "{51DE4087-EE1E-3471-95B0-DD19AC53D80C}"
	ProjectSection(ProjectDependencies) = postProject
		{CB958611-13CD-3324-AA2E-494782BF7300} = {CB958611-13CD-3324-AA2E-494782BF7300}
	EndProjectSection
EndProject
Project("{8BC9CEB8-8B4A-11D0-8D11-00A0C91BC942}") = "umqtt", "umqtt.vcxproj", "{2236CA91-9335-3D96-A05C-35AC3515E99A}"
	ProjectSection(ProjectDependencies) = postProject
		{CB958611-13CD-3324-AA2E-494782BF7300} = {CB958611-13CD-3324-AA2E-494782BF7300}
		{71854143-938C-3EE7-9D47-59E7BB1B474E} = {71854143-938C-3EE7-9D47-59E7BB1B474E}
		{51DE4087-EE1E-3471-95B0-DD19AC53D80C} = {51DE4087-EE1E-3471-95B0-DD19AC53D80C}
	EndProjectSection
EndProject
Global
	GlobalSection(SolutionConfigurationPlatforms) = preSolution
		Debug|x64 = Debug|x64
		Release|x64 = Release|x64
		MinSizeRel|x64 = MinSizeRel|x64
		RelWithDebInfo|x64 = RelWithDebInfo|x64
	EndGlobalSection
	GlobalSection(ProjectConfigurationPlatforms) = postSolution
		{6E8419F4-BD29-3424-9261-72A7A9EF705C}.Debug|x64.ActiveCfg = Debug|x64
		{6E8419F4-BD29-3424-9261-72A7A9EF705C}.Debug|x64.Build.0 = Debug|x64
		{6E8419F4-BD29-3424-9261-72A7A9EF705C}.Release|x64.ActiveCfg = Release|x64
		{6E8419F4-BD29-3424-9261-72A7A9EF705C}.Release|x64.Build.0 = Release|x64
		{6E8419F4-BD29-3424-9261-72A7A9EF705C}.MinSizeRel|x64.ActiveCfg = MinSizeRel|x64
		{6E8419F4-BD29-3424-9261-72A7A9EF705C}.MinSizeRel|x64.Build.0 = MinSizeRel|x64
		{6E8419F4-BD29-3424-9261-72A7A9EF705C}.RelWithDebInfo|x64.ActiveCfg = RelWithDebInfo|x64
		{6E8419F4-BD29-3424-9261-72A7A9EF705C}.RelWithDebInfo|x64.Build.0 = RelWithDebInfo|x64
		{CD796A72-F5E9-3629-BB2C-FC7D8EEB59B5}.Debug|x64.ActiveCfg = Debug|x64
		{CD796A72-F5E9-3629-BB2C-FC7D8EEB59B5}.Release|x64.ActiveCfg = Release|x64
		{CD796A72-F5E9-3629-BB2C-FC7D8EEB59B5}.MinSizeRel|x64.ActiveCfg = MinSizeRel|x64
		{CD796A72-F5E9-3629-BB2C-FC7D8EEB59B5}.RelWithDebInfo|x64.ActiveCfg = RelWithDebInfo|x64
		{77493CB8-EE94-3542-9959-7D1B44D28CEB}.Debug|x64.ActiveCfg = Debug|x64
		{77493CB8-EE94-3542-9959-7D1B44D28CEB}.Release|x64.ActiveCfg = Release|x64
		{77493CB8-EE94-3542-9959-7D1B44D28CEB}.MinSizeRel|x64.ActiveCfg = MinSizeRel|x64
		{77493CB8-EE94-3542-9959-7D1B44D28CEB}.RelWithDebInfo|x64.ActiveCfg = RelWithDebInfo|x64
		{CB958611-13CD-3324-AA2E-494782BF7300}.Debug|x64.ActiveCfg = Debug|x64
		{CB958611-13CD-3324-AA2E-494782BF7300}.Debug|x64.Build.0 = Debug|x64
		{CB958611-13CD-3324-AA2E-494782BF7300}.Release|x64.ActiveCfg = Release|x64
		{CB958611-13CD-3324-AA2E-494782BF7300}.Release|x64.Build.0 = Release|x64
		{CB958611-13CD-3324-AA2E-494782BF7300}.MinSizeRel|x64.ActiveCfg = MinSizeRel|x64
		{CB958611-13CD-3324-AA2E-494782BF7300}.MinSizeRel|x64.Build.0 = MinSizeRel|x64
		{CB958611-13CD-3324-AA2E-494782BF7300}.RelWithDebInfo|x64.ActiveCfg = RelWithDebInfo|x64
		{CB958611-13CD-3324-AA2E-494782BF7300}.RelWithDebInfo|x64.Build.0 = RelWithDebInfo|x64
		{71854143-938C-3EE7-9D47-59E7BB1B474E}.Debug|x64.ActiveCfg = Debug|x64
		{71854143-938C-3EE7-9D47-59E7BB1B474E}.Debug|x64.Build.0 = Debug|x64
		{71854143-938C-3EE7-9D47-59E7BB1B474E}.Release|x64.ActiveCfg = Release|x64
		{71854143-938C-3EE7-9D47-59E7BB1B474E}.Release|x64.Build.0 = Release|x64
		{71854143-938C-3EE7-9D47-59E7BB1B474E}.MinSizeRel|x64.ActiveCfg = MinSizeRel|x64
		{71854143-938C-3EE7-9D47-59E7BB1B474E}.MinSizeRel|x64.Build.0 = MinSizeRel|x64
		{71854143-938C-3EE7-9D47-59E7BB1B474E}.RelWithDebInfo|x64.ActiveCfg = RelWithDebInfo|x64
		{71854143-938C-3EE7-9D47-59E7BB1B474E}.RelWithDebInfo|x64.Build.0 = RelWithDebInfo|x64
		{51DE4087-EE1E-3471-95B0-DD19AC53D80C}.Debug|x64.ActiveCfg = Debug|x64
		{51DE4087-EE1E-3471-95B0-DD19AC53D80C}.Debug|x64.Build.0 = Debug|x64
		{51DE4087-EE1E-3471-95B0-DD19AC53D80C}.Release|x64.ActiveCfg = Release|x64
		{51DE4087-EE1E-3471-95B0-DD19AC53D80C}.Release|x64.Build.0 = Release|x64
		{51DE4087-EE1E-3471-95B0-DD19AC53D80C}.MinSizeRel|x64.ActiveCfg = MinSizeRel|x64
		{51DE4087-EE1E-3471-95B0-DD19AC53D80C}.MinSizeRel|x64.Build.0 = MinSizeRel|x64
		{51DE4087-EE1E-3471-95B0-DD19AC53D80C}.RelWithDebInfo|x64.ActiveCfg = RelWithDebInfo|x64
		{51DE4087-EE1E-3471-95B0-DD19AC53D80C}.RelWithDebInfo|x64.Build.0 = RelWithDebInfo|x64
		{2236CA91-9335-3D96-A05C-35AC3515E99A}.Debug|x64.ActiveCfg = Debug|x64
		{2236CA91-9335-3D96-A05C-35AC3515E99A}.Debug|x64.Build.0 = Debug|x64
		{2236CA91-9335-3D96-A05C-35AC3515E99A}.Release|x64.ActiveCfg = Release|x64
		{2236CA91-9335-3D96-A05C-35AC3515E99A}.Release|x64.Build.0 = Release|x64
		{2236CA91-9335-3D96-A05C-35AC3515E99A}.MinSizeRel|x64.ActiveCfg = MinSizeRel|x64
		{2236CA91-9335-3D96-A05C-35AC3515E99A}.MinSizeRel|x64.Build.0 = MinSizeRel|x64
		{2236CA91-9335-3D96-A05C-35AC3515E99A}.RelWithDebInfo|x64.ActiveCfg = RelWithDebInfo|x64
		{2236CA91-9335-3D96-A05C-35AC3515E99A}.RelWithDebInfo|x64.Build.0 = RelWithDebInfo|x64
	EndGlobalSection
	GlobalSection(NestedProjects) = preSolution
		{6E8419F4-BD29-3424-9261-72A7A9EF705C} = {2911E211-1D88-373A-8DD6-EB408B82DA65}
		{CD796A72-F5E9-3629-BB2C-FC7D8EEB59B5} = {2911E211-1D88-373A-8DD6-EB408B82DA65}
		{77493CB8-EE94-3542-9959-7D1B44D28CEB} = {2911E211-1D88-373A-8DD6-EB408B82DA65}
		{CB958611-13CD-3324-AA2E-494782BF7300} = {2911E211-1D88-373A-8DD6-EB408B82DA65}
	EndGlobalSection
	GlobalSection(ExtensibilityGlobals) = postSolution
		SolutionGuid = {6CEBED2B-19A3-3ACD-94A9-B981113CEAF5}
	EndGlobalSection
	GlobalSection(ExtensibilityAddIns) = postSolution
	EndGlobalSection
EndGlobal
