<?xml version="1.0" encoding="utf-8"?>
<Project ToolsVersion="17.0" xmlns="http://schemas.microsoft.com/developer/msbuild/2003">
  <ItemGroup>
    <ClCompile Include="C:\code\s3\azure-iot-sdk-c\iothub_client\src\iothub_client_authorization.c">
      <Filter>Source Files</Filter>
    </ClCompile>
    <ClCompile Include="C:\code\s3\azure-iot-sdk-c\iothub_client\src\iothub_client_retry_control.c">
      <Filter>Source Files</Filter>
    </ClCompile>
    <ClCompile Include="C:\code\s3\azure-iot-sdk-c\iothub_client\src\iothub_transport_ll_private.c">
      <Filter>Source Files</Filter>
    </ClCompile>
    <ClCompile Include="C:\code\s3\azure-iot-sdk-c\iothub_client\src\iothubtransporthttp.c">
      <Filter>Source Files</Filter>
    </ClCompile>
  </ItemGroup>
  <ItemGroup>
    <ClInclude Include="C:\code\s3\azure-iot-sdk-c\iothub_client\inc\internal\iothub_client_authorization.h">
      <Filter>Header Files</Filter>
    </ClInclude>
    <ClInclude Include="C:\code\s3\azure-iot-sdk-c\iothub_client\inc\internal\iothub_client_retry_control.h">
      <Filter>Header Files</Filter>
    </ClInclude>
    <ClInclude Include="C:\code\s3\azure-iot-sdk-c\iothub_client\inc\internal\iothub_transport_ll_private.h">
      <Filter>Header Files</Filter>
    </ClInclude>
    <ClInclude Include="C:\code\s3\azure-iot-sdk-c\iothub_client\inc\iothubtransporthttp.h">
      <Filter>Header Files</Filter>
    </ClInclude>
    <ClInclude Include="C:\code\s3\azure-iot-sdk-c\iothub_client\inc\iothub_transport_ll.h">
      <Filter>Header Files</Filter>
    </ClInclude>
  </ItemGroup>
  <ItemGroup>
    <CustomBuild Include="C:\code\s3\azure-iot-sdk-c\iothub_client\CMakeLists.txt" />
  </ItemGroup>
  <ItemGroup>
    <Filter Include="Header Files">
      <UniqueIdentifier>{2382409B-4D0D-3D6E-AEFD-097BC53EC9BE}</UniqueIdentifier>
    </Filter>
    <Filter Include="Source Files">
      <UniqueIdentifier>{3C833C84-7A41-3681-A271-9BA143EF3CCA}</UniqueIdentifier>
    </Filter>
  </ItemGroup>
</Project>
