<?xml version="1.0" encoding="utf-8"?>
<Project ToolsVersion="17.0" xmlns="http://schemas.microsoft.com/developer/msbuild/2003">
  <ItemGroup>
    <ClCompile Include="C:\code\s1\azure-iot-sdk-c-pr2720-clean\provisioning_service_client\src\provisioning_sc_attestation_mechanism.c">
      <Filter>Source Files</Filter>
    </ClCompile>
    <ClCompile Include="C:\code\s1\azure-iot-sdk-c-pr2720-clean\provisioning_service_client\src\provisioning_sc_bulk_operation.c">
      <Filter>Source Files</Filter>
    </ClCompile>
    <ClCompile Include="C:\code\s1\azure-iot-sdk-c-pr2720-clean\provisioning_service_client\src\provisioning_sc_device_capabilities.c">
      <Filter>Source Files</Filter>
    </ClCompile>
    <ClCompile Include="C:\code\s1\azure-iot-sdk-c-pr2720-clean\provisioning_service_client\src\provisioning_sc_device_registration_state.c">
      <Filter>Source Files</Filter>
    </ClCompile>
    <ClCompile Include="C:\code\s1\azure-iot-sdk-c-pr2720-clean\provisioning_service_client\src\provisioning_sc_enrollment.c">
      <Filter>Source Files</Filter>
    </ClCompile>
    <ClCompile Include="C:\code\s1\azure-iot-sdk-c-pr2720-clean\provisioning_service_client\src\provisioning_sc_query.c">
      <Filter>Source Files</Filter>
    </ClCompile>
    <ClCompile Include="C:\code\s1\azure-iot-sdk-c-pr2720-clean\provisioning_service_client\src\provisioning_sc_shared_helpers.c">
      <Filter>Source Files</Filter>
    </ClCompile>
    <ClCompile Include="C:\code\s1\azure-iot-sdk-c-pr2720-clean\provisioning_service_client\src\provisioning_sc_tpm_attestation.c">
      <Filter>Source Files</Filter>
    </ClCompile>
    <ClCompile Include="C:\code\s1\azure-iot-sdk-c-pr2720-clean\provisioning_service_client\src\provisioning_sc_twin.c">
      <Filter>Source Files</Filter>
    </ClCompile>
    <ClCompile Include="C:\code\s1\azure-iot-sdk-c-pr2720-clean\provisioning_service_client\src\provisioning_sc_x509_attestation.c">
      <Filter>Source Files</Filter>
    </ClCompile>
    <ClCompile Include="C:\code\s1\azure-iot-sdk-c-pr2720-clean\provisioning_service_client\src\provisioning_service_client.c">
      <Filter>Source Files</Filter>
    </ClCompile>
  </ItemGroup>
  <ItemGroup>
    <ClInclude Include="C:\code\s1\azure-iot-sdk-c-pr2720-clean\provisioning_service_client\inc\prov_service_client\provisioning_sc_attestation_mechanism.h">
      <Filter>Header Files</Filter>
    </ClInclude>
    <ClInclude Include="C:\code\s1\azure-iot-sdk-c-pr2720-clean\provisioning_service_client\inc\prov_service_client\provisioning_sc_bulk_operation.h">
      <Filter>Header Files</Filter>
    </ClInclude>
    <ClInclude Include="C:\code\s1\azure-iot-sdk-c-pr2720-clean\provisioning_service_client\inc\prov_service_client\provisioning_sc_device_capabilities.h">
      <Filter>Header Files</Filter>
    </ClInclude>
    <ClInclude Include="C:\code\s1\azure-iot-sdk-c-pr2720-clean\provisioning_service_client\inc\prov_service_client\provisioning_sc_device_registration_state.h">
      <Filter>Header Files</Filter>
    </ClInclude>
    <ClInclude Include="C:\code\s1\azure-iot-sdk-c-pr2720-clean\provisioning_service_client\inc\prov_service_client\provisioning_sc_enrollment.h">
      <Filter>Header Files</Filter>
    </ClInclude>
    <ClInclude Include="C:\code\s1\azure-iot-sdk-c-pr2720-clean\provisioning_service_client\inc\prov_service_client\provisioning_sc_json_const.h">
      <Filter>Header Files</Filter>
    </ClInclude>
    <ClInclude Include="C:\code\s1\azure-iot-sdk-c-pr2720-clean\provisioning_service_client\inc\prov_service_client\provisioning_sc_models.h">
      <Filter>Header Files</Filter>
    </ClInclude>
    <ClInclude Include="C:\code\s1\azure-iot-sdk-c-pr2720-clean\provisioning_service_client\inc\prov_service_client\provisioning_sc_models_serializer.h">
      <Filter>Header Files</Filter>
    </ClInclude>
    <ClInclude Include="C:\code\s1\azure-iot-sdk-c-pr2720-clean\provisioning_service_client\inc\prov_service_client\provisioning_sc_query.h">
      <Filter>Header Files</Filter>
    </ClInclude>
    <ClInclude Include="C:\code\s1\azure-iot-sdk-c-pr2720-clean\provisioning_service_client\inc\prov_service_client\provisioning_sc_shared_helpers.h">
      <Filter>Header Files</Filter>
    </ClInclude>
    <ClInclude Include="C:\code\s1\azure-iot-sdk-c-pr2720-clean\provisioning_service_client\inc\prov_service_client\provisioning_sc_tpm_attestation.h">
      <Filter>Header Files</Filter>
    </ClInclude>
    <ClInclude Include="C:\code\s1\azure-iot-sdk-c-pr2720-clean\provisioning_service_client\inc\prov_service_client\provisioning_sc_twin.h">
      <Filter>Header Files</Filter>
    </ClInclude>
    <ClInclude Include="C:\code\s1\azure-iot-sdk-c-pr2720-clean\provisioning_service_client\inc\prov_service_client\provisioning_sc_x509_attestation.h">
      <Filter>Header Files</Filter>
    </ClInclude>
    <ClInclude Include="C:\code\s1\azure-iot-sdk-c-pr2720-clean\provisioning_service_client\inc\prov_service_client\provisioning_service_client.h">
      <Filter>Header Files</Filter>
    </ClInclude>
  </ItemGroup>
  <ItemGroup>
    <CustomBuild Include="C:\code\s1\azure-iot-sdk-c-pr2720-clean\provisioning_service_client\CMakeLists.txt" />
  </ItemGroup>
  <ItemGroup>
    <Filter Include="Header Files">
      <UniqueIdentifier>{DB9FB9A1-4109-3E3C-8BC3-C315E714134B}</UniqueIdentifier>
    </Filter>
    <Filter Include="Source Files">
      <UniqueIdentifier>{94766580-D8F2-3496-A687-57026FBD9E8A}</UniqueIdentifier>
    </Filter>
  </ItemGroup>
</Project>
